// !$*UTF8*$!
{
	archiveVersion = 1;
	classes = {
	};
	objectVersion = 56;
	objects = {

/* Begin PBXBuildFile section */
		581B76012A9C28C200C78908 /* Payco_CloneApp.swift in Sources */ = {isa = PBXBuildFile; fileRef = 581B76002A9C28C200C78908 /* Payco_CloneApp.swift */; };
		581B76032A9C28C200C78908 /* PointView.swift in Sources */ = {isa = PBXBuildFile; fileRef = 581B76022A9C28C200C78908 /* PointView.swift */; };
		581B76052A9C28C500C78908 /* Assets.xcassets in Resources */ = {isa = PBXBuildFile; fileRef = 581B76042A9C28C500C78908 /* Assets.xcassets */; };
		581B76082A9C28C500C78908 /* Preview Assets.xcassets in Resources */ = {isa = PBXBuildFile; fileRef = 581B76072A9C28C500C78908 /* Preview Assets.xcassets */; };
		581B760F2A9C2D1F00C78908 /* EmptyView.swift in Sources */ = {isa = PBXBuildFile; fileRef = 581B760E2A9C2D1F00C78908 /* EmptyView.swift */; };
		581B76132A9C32D700C78908 /* AccountView.swift in Sources */ = {isa = PBXBuildFile; fileRef = 581B76122A9C32D700C78908 /* AccountView.swift */; };
		581B761B2A9C58A400C78908 /* ItemListsView.swift in Sources */ = {isa = PBXBuildFile; fileRef = 581B761A2A9C58A400C78908 /* ItemListsView.swift */; };
		581B761D2A9C5B3000C78908 /* ItemList.swift in Sources */ = {isa = PBXBuildFile; fileRef = 581B761C2A9C5B3000C78908 /* ItemList.swift */; };
/* End PBXBuildFile section */

/* Begin PBXContainerItemProxy section */
		581B76182A9C554100C78908 /* PBXContainerItemProxy */ = {
			isa = PBXContainerItemProxy;
			containerPortal = 581B76142A9C554100C78908 /* TCA_Prac.xcodeproj */;
			proxyType = 2;
			remoteGlobalIDString = 58D153132A986FA6009AEC07;
			remoteInfo = TCA_Prac;
		};
/* End PBXContainerItemProxy section */

/* Begin PBXFileReference section */
		581B75FD2A9C28C200C78908 /* Payco_Clone.app */ = {isa = PBXFileReference; explicitFileType = wrapper.application; includeInIndex = 0; path = Payco_Clone.app; sourceTree = BUILT_PRODUCTS_DIR; };
		581B76002A9C28C200C78908 /* Payco_CloneApp.swift */ = {isa = PBXFileReference; lastKnownFileType = sourcecode.swift; path = Payco_CloneApp.swift; sourceTree = "<group>"; };
		581B76022A9C28C200C78908 /* PointView.swift */ = {isa = PBXFileReference; lastKnownFileType = sourcecode.swift; path = PointView.swift; sourceTree = "<group>"; };
		581B76042A9C28C500C78908 /* Assets.xcassets */ = {isa = PBXFileReference; lastKnownFileType = folder.assetcatalog; path = Assets.xcassets; sourceTree = "<group>"; };
		581B76072A9C28C500C78908 /* Preview Assets.xcassets */ = {isa = PBXFileReference; lastKnownFileType = folder.assetcatalog; path = "Preview Assets.xcassets"; sourceTree = "<group>"; };
		581B760E2A9C2D1F00C78908 /* EmptyView.swift */ = {isa = PBXFileReference; lastKnownFileType = sourcecode.swift; path = EmptyView.swift; sourceTree = "<group>"; };
		581B76122A9C32D700C78908 /* AccountView.swift */ = {isa = PBXFileReference; lastKnownFileType = sourcecode.swift; path = AccountView.swift; sourceTree = "<group>"; };
		581B76142A9C554100C78908 /* TCA_Prac.xcodeproj */ = {isa = PBXFileReference; lastKnownFileType = "wrapper.pb-project"; name = TCA_Prac.xcodeproj; path = ../../../TCA_Prac/TCA_Prac/TCA_Prac.xcodeproj; sourceTree = "<group>"; };
		581B761A2A9C58A400C78908 /* ItemListsView.swift */ = {isa = PBXFileReference; lastKnownFileType = sourcecode.swift; path = ItemListsView.swift; sourceTree = "<group>"; };
		581B761C2A9C5B3000C78908 /* ItemList.swift */ = {isa = PBXFileReference; lastKnownFileType = sourcecode.swift; path = ItemList.swift; sourceTree = "<group>"; };
/* End PBXFileReference section */

/* Begin PBXFrameworksBuildPhase section */
		581B75FA2A9C28C200C78908 /* Frameworks */ = {
			isa = PBXFrameworksBuildPhase;
			buildActionMask = 2147483647;
			files = (
			);
			runOnlyForDeploymentPostprocessing = 0;
		};
/* End PBXFrameworksBuildPhase section */

/* Begin PBXGroup section */
		581B75F42A9C28C200C78908 = {
			isa = PBXGroup;
			children = (
				581B75FF2A9C28C200C78908 /* Payco_Clone */,
				581B75FE2A9C28C200C78908 /* Products */,
			);
			sourceTree = "<group>";
		};
		581B75FE2A9C28C200C78908 /* Products */ = {
			isa = PBXGroup;
			children = (
				581B75FD2A9C28C200C78908 /* Payco_Clone.app */,
			);
			name = Products;
			sourceTree = "<group>";
		};
		581B75FF2A9C28C200C78908 /* Payco_Clone */ = {
			isa = PBXGroup;
			children = (
				581B76002A9C28C200C78908 /* Payco_CloneApp.swift */,
				581B76122A9C32D700C78908 /* AccountView.swift */,
				581B760E2A9C2D1F00C78908 /* EmptyView.swift */,
				581B76022A9C28C200C78908 /* PointView.swift */,
				581B761A2A9C58A400C78908 /* ItemListsView.swift */,
				581B761E2A9C5B3200C78908 /* Model */,
				581B76042A9C28C500C78908 /* Assets.xcassets */,
				581B76062A9C28C500C78908 /* Preview Content */,
			);
			path = Payco_Clone;
			sourceTree = "<group>";
		};
		581B76062A9C28C500C78908 /* Preview Content */ = {
			isa = PBXGroup;
			children = (
				581B76142A9C554100C78908 /* TCA_Prac.xcodeproj */,
				581B76072A9C28C500C78908 /* Preview Assets.xcassets */,
			);
			path = "Preview Content";
			sourceTree = "<group>";
		};
		581B76152A9C554100C78908 /* Products */ = {
			isa = PBXGroup;
			children = (
				581B76192A9C554100C78908 /* TCA_Prac.app */,
			);
			name = Products;
			sourceTree = "<group>";
		};
		581B761E2A9C5B3200C78908 /* Model */ = {
			isa = PBXGroup;
			children = (
				581B761C2A9C5B3000C78908 /* ItemList.swift */,
			);
			path = Model;
			sourceTree = "<group>";
		};
/* End PBXGroup section */

/* Begin PBXNativeTarget section */
		581B75FC2A9C28C200C78908 /* Payco_Clone */ = {
			isa = PBXNativeTarget;
			buildConfigurationList = 581B760B2A9C28C500C78908 /* Build configuration list for PBXNativeTarget "Payco_Clone" */;
			buildPhases = (
				581B75F92A9C28C200C78908 /* Sources */,
				581B75FA2A9C28C200C78908 /* Frameworks */,
				581B75FB2A9C28C200C78908 /* Resources */,
			);
			buildRules = (
			);
			dependencies = (
			);
			name = Payco_Clone;
			productName = Payco_Clone;
			productReference = 581B75FD2A9C28C200C78908 /* Payco_Clone.app */;
			productType = "com.apple.product-type.application";
		};
/* End PBXNativeTarget section */

/* Begin PBXProject section */
		581B75F52A9C28C200C78908 /* Project object */ = {
			isa = PBXProject;
			attributes = {
				BuildIndependentTargetsInParallel = 1;
				LastSwiftUpdateCheck = 1430;
				LastUpgradeCheck = 1430;
				TargetAttributes = {
					581B75FC2A9C28C200C78908 = {
						CreatedOnToolsVersion = 14.3.1;
					};
				};
			};
			buildConfigurationList = 581B75F82A9C28C200C78908 /* Build configuration list for PBXProject "Payco_Clone" */;
			compatibilityVersion = "Xcode 14.0";
			developmentRegion = en;
			hasScannedForEncodings = 0;
			knownRegions = (
				en,
				Base,
			);
			mainGroup = 581B75F42A9C28C200C78908;
			productRefGroup = 581B75FE2A9C28C200C78908 /* Products */;
			projectDirPath = "";
			projectReferences = (
				{
					ProductGroup = 581B76152A9C554100C78908 /* Products */;
					ProjectRef = 581B76142A9C554100C78908 /* TCA_Prac.xcodeproj */;
				},
			);
			projectRoot = "";
			targets = (
				581B75FC2A9C28C200C78908 /* Payco_Clone */,
			);
		};
/* End PBXProject section */

/* Begin PBXReferenceProxy section */
		581B76192A9C554100C78908 /* TCA_Prac.app */ = {
			isa = PBXReferenceProxy;
			fileType = wrapper.application;
			path = TCA_Prac.app;
			remoteRef = 581B76182A9C554100C78908 /* PBXContainerItemProxy */;
			sourceTree = BUILT_PRODUCTS_DIR;
		};
/* End PBXReferenceProxy section */

/* Begin PBXResourcesBuildPhase section */
		581B75FB2A9C28C200C78908 /* Resources */ = {
			isa = PBXResourcesBuildPhase;
			buildActionMask = 2147483647;
			files = (
				581B76082A9C28C500C78908 /* Preview Assets.xcassets in Resources */,
				581B76052A9C28C500C78908 /* Assets.xcassets in Resources */,
			);
			runOnlyForDeploymentPostprocessing = 0;
		};
/* End PBXResourcesBuildPhase section */

/* Begin PBXSourcesBuildPhase section */
		581B75F92A9C28C200C78908 /* Sources */ = {
			isa = PBXSourcesBuildPhase;
			buildActionMask = 2147483647;
			files = (
				581B76132A9C32D700C78908 /* AccountView.swift in Sources */,
				581B76032A9C28C200C78908 /* PointView.swift in Sources */,
				581B760F2A9C2D1F00C78908 /* EmptyView.swift in Sources */,
				581B76012A9C28C200C78908 /* Payco_CloneApp.swift in Sources */,
				581B761D2A9C5B3000C78908 /* ItemList.swift in Sources */,
				581B761B2A9C58A400C78908 /* ItemListsView.swift in Sources */,
			);
			runOnlyForDeploymentPostprocessing = 0;
		};
/* End PBXSourcesBuildPhase section */

/* Begin XCBuildConfiguration section */
		581B76092A9C28C500C78908 /* Debug */ = {
			isa = XCBuildConfiguration;
			buildSettings = {
				ALWAYS_SEARCH_USER_PATHS = NO;
				CLANG_ANALYZER_NONNULL = YES;
				CLANG_ANALYZER_NUMBER_OBJECT_CONVERSION = YES_AGGRESSIVE;
				CLANG_CXX_LANGUAGE_STANDARD = "gnu++20";
				CLANG_ENABLE_MODULES = YES;
				CLANG_ENABLE_OBJC_ARC = YES;
				CLANG_ENABLE_OBJC_WEAK = YES;
				CLANG_WARN_BLOCK_CAPTURE_AUTORELEASING = YES;
				CLANG_WARN_BOOL_CONVERSION = YES;
				CLANG_WARN_COMMA = YES;
				CLANG_WARN_CONSTANT_CONVERSION = YES;
				CLANG_WARN_DEPRECATED_OBJC_IMPLEMENTATIONS = YES;
				CLANG_WARN_DIRECT_OBJC_ISA_USAGE = YES_ERROR;
				CLANG_WARN_DOCUMENTATION_COMMENTS = YES;
				CLANG_WARN_EMPTY_BODY = YES;
				CLANG_WARN_ENUM_CONVERSION = YES;
				CLANG_WARN_INFINITE_RECURSION = YES;
				CLANG_WARN_INT_CONVERSION = YES;
				CLANG_WARN_NON_LITERAL_NULL_CONVERSION = YES;
				CLANG_WARN_OBJC_IMPLICIT_RETAIN_SELF = YES;
				CLANG_WARN_OBJC_LITERAL_CONVERSION = YES;
				CLANG_WARN_OBJC_ROOT_CLASS = YES_ERROR;
				CLANG_WARN_QUOTED_INCLUDE_IN_FRAMEWORK_HEADER = YES;
				CLANG_WARN_RANGE_LOOP_ANALYSIS = YES;
				CLANG_WARN_STRICT_PROTOTYPES = YES;
				CLANG_WARN_SUSPICIOUS_MOVE = YES;
				CLANG_WARN_UNGUARDED_AVAILABILITY = YES_AGGRESSIVE;
				CLANG_WARN_UNREACHABLE_CODE = YES;
				CLANG_WARN__DUPLICATE_METHOD_MATCH = YES;
				COPY_PHASE_STRIP = NO;
				DEBUG_INFORMATION_FORMAT = dwarf;
				ENABLE_STRICT_OBJC_MSGSEND = YES;
				ENABLE_TESTABILITY = YES;
				GCC_C_LANGUAGE_STANDARD = gnu11;
				GCC_DYNAMIC_NO_PIC = NO;
				GCC_NO_COMMON_BLOCKS = YES;
				GCC_OPTIMIZATION_LEVEL = 0;
				GCC_PREPROCESSOR_DEFINITIONS = (
					"DEBUG=1",
					"$(inherited)",
				);
				GCC_WARN_64_TO_32_BIT_CONVERSION = YES;
				GCC_WARN_ABOUT_RETURN_TYPE = YES_ERROR;
				GCC_WARN_UNDECLARED_SELECTOR = YES;
				GCC_WARN_UNINITIALIZED_AUTOS = YES_AGGRESSIVE;
				GCC_WARN_UNUSED_FUNCTION = YES;
				GCC_WARN_UNUSED_VARIABLE = YES;
				IPHONEOS_DEPLOYMENT_TARGET = 16.4;
				MTL_ENABLE_DEBUG_INFO = INCLUDE_SOURCE;
				MTL_FAST_MATH = YES;
				ONLY_ACTIVE_ARCH = YES;
				SDKROOT = iphoneos;
				SWIFT_ACTIVE_COMPILATION_CONDITIONS = DEBUG;
				SWIFT_OPTIMIZATION_LEVEL = "-Onone";
			};
			name = Debug;
		};
		581B760A2A9C28C500C78908 /* Release */ = {
			isa = XCBuildConfiguration;
			buildSettings = {
				ALWAYS_SEARCH_USER_PATHS = NO;
				CLANG_ANALYZER_NONNULL = YES;
				CLANG_ANALYZER_NUMBER_OBJECT_CONVERSION = YES_AGGRESSIVE;
				CLANG_CXX_LANGUAGE_STANDARD = "gnu++20";
				CLANG_ENABLE_MODULES = YES;
				CLANG_ENABLE_OBJC_ARC = YES;
				CLANG_ENABLE_OBJC_WEAK = YES;
				CLANG_WARN_BLOCK_CAPTURE_AUTORELEASING = YES;
				CLANG_WARN_BOOL_CONVERSION = YES;
				CLANG_WARN_COMMA = YES;
				CLANG_WARN_CONSTANT_CONVERSION = YES;
				CLANG_WARN_DEPRECATED_OBJC_IMPLEMENTATIONS = YES;
				CLANG_WARN_DIRECT_OBJC_ISA_USAGE = YES_ERROR;
				CLANG_WARN_DOCUMENTATION_COMMENTS = YES;
				CLANG_WARN_EMPTY_BODY = YES;
				CLANG_WARN_ENUM_CONVERSION = YES;
				CLANG_WARN_INFINITE_RECURSION = YES;
				CLANG_WARN_INT_CONVERSION = YES;
				CLANG_WARN_NON_LITERAL_NULL_CONVERSION = YES;
				CLANG_WARN_OBJC_IMPLICIT_RETAIN_SELF = YES;
				CLANG_WARN_OBJC_LITERAL_CONVERSION = YES;
				CLANG_WARN_OBJC_ROOT_CLASS = YES_ERROR;
				CLANG_WARN_QUOTED_INCLUDE_IN_FRAMEWORK_HEADER = YES;
				CLANG_WARN_RANGE_LOOP_ANALYSIS = YES;
				CLANG_WARN_STRICT_PROTOTYPES = YES;
				CLANG_WARN_SUSPICIOUS_MOVE = YES;
				CLANG_WARN_UNGUARDED_AVAILABILITY = YES_AGGRESSIVE;
				CLANG_WARN_UNREACHABLE_CODE = YES;
				CLANG_WARN__DUPLICATE_METHOD_MATCH = YES;
				COPY_PHASE_STRIP = NO;
				DEBUG_INFORMATION_FORMAT = "dwarf-with-dsym";
				ENABLE_NS_ASSERTIONS = NO;
				ENABLE_STRICT_OBJC_MSGSEND = YES;
				GCC_C_LANGUAGE_STANDARD = gnu11;
				GCC_NO_COMMON_BLOCKS = YES;
				GCC_WARN_64_TO_32_BIT_CONVERSION = YES;
				GCC_WARN_ABOUT_RETURN_TYPE = YES_ERROR;
				GCC_WARN_UNDECLARED_SELECTOR = YES;
				GCC_WARN_UNINITIALIZED_AUTOS = YES_AGGRESSIVE;
				GCC_WARN_UNUSED_FUNCTION = YES;
				GCC_WARN_UNUSED_VARIABLE = YES;
				IPHONEOS_DEPLOYMENT_TARGET = 16.4;
				MTL_ENABLE_DEBUG_INFO = NO;
				MTL_FAST_MATH = YES;
				SDKROOT = iphoneos;
				SWIFT_COMPILATION_MODE = wholemodule;
				SWIFT_OPTIMIZATION_LEVEL = "-O";
				VALIDATE_PRODUCT = YES;
			};
			name = Release;
		};
		581B760C2A9C28C500C78908 /* Debug */ = {
			isa = XCBuildConfiguration;
			buildSettings = {
				ASSETCATALOG_COMPILER_APPICON_NAME = AppIcon;
				ASSETCATALOG_COMPILER_GLOBAL_ACCENT_COLOR_NAME = AccentColor;
				CODE_SIGN_STYLE = Automatic;
				CURRENT_PROJECT_VERSION = 1;
				DEVELOPMENT_ASSET_PATHS = "\"Payco_Clone/Preview Content\"";
				DEVELOPMENT_TEAM = MTDP4HFM7X;
				ENABLE_PREVIEWS = YES;
				GENERATE_INFOPLIST_FILE = YES;
				INFOPLIST_KEY_UIApplicationSceneManifest_Generation = YES;
				INFOPLIST_KEY_UIApplicationSupportsIndirectInputEvents = YES;
				INFOPLIST_KEY_UILaunchScreen_Generation = YES;
				INFOPLIST_KEY_UISupportedInterfaceOrientations_iPad = "UIInterfaceOrientationPortrait UIInterfaceOrientationPortraitUpsideDown UIInterfaceOrientationLandscapeLeft UIInterfaceOrientationLandscapeRight";
				INFOPLIST_KEY_UISupportedInterfaceOrientations_iPhone = "UIInterfaceOrientationPortrait UIInterfaceOrientationLandscapeLeft UIInterfaceOrientationLandscapeRight";
				LD_RUNPATH_SEARCH_PATHS = (
					"$(inherited)",
					"@executable_path/Frameworks",
				);
				MARKETING_VERSION = 1.0;
				PRODUCT_BUNDLE_IDENTIFIER = "test.Payco-Clone";
				PRODUCT_NAME = "$(TARGET_NAME)";
				SWIFT_EMIT_LOC_STRINGS = YES;
				SWIFT_VERSION = 5.0;
				TARGETED_DEVICE_FAMILY = "1,2";
			};
			name = Debug;
		};
		581B760D2A9C28C500C78908 /* Release */ = {
			isa = XCBuildConfiguration;
			buildSettings = {
				ASSETCATALOG_COMPILER_APPICON_NAME = AppIcon;
				ASSETCATALOG_COMPILER_GLOBAL_ACCENT_COLOR_NAME = AccentColor;
				CODE_SIGN_STYLE = Automatic;
				CURRENT_PROJECT_VERSION = 1;
				DEVELOPMENT_ASSET_PATHS = "\"Payco_Clone/Preview Content\"";
				DEVELOPMENT_TEAM = MTDP4HFM7X;
				ENABLE_PREVIEWS = YES;
				GENERATE_INFOPLIST_FILE = YES;
				INFOPLIST_KEY_UIApplicationSceneManifest_Generation = YES;
				INFOPLIST_KEY_UIApplicationSupportsIndirectInputEvents = YES;
				INFOPLIST_KEY_UILaunchScreen_Generation = YES;
				INFOPLIST_KEY_UISupportedInterfaceOrientations_iPad = "UIInterfaceOrientationPortrait UIInterfaceOrientationPortraitUpsideDown UIInterfaceOrientationLandscapeLeft UIInterfaceOrientationLandscapeRight";
				INFOPLIST_KEY_UISupportedInterfaceOrientations_iPhone = "UIInterfaceOrientationPortrait UIInterfaceOrientationLandscapeLeft UIInterfaceOrientationLandscapeRight";
				LD_RUNPATH_SEARCH_PATHS = (
					"$(inherited)",
					"@executable_path/Frameworks",
				);
				MARKETING_VERSION = 1.0;
				PRODUCT_BUNDLE_IDENTIFIER = "test.Payco-Clone";
				PRODUCT_NAME = "$(TARGET_NAME)";
				SWIFT_EMIT_LOC_STRINGS = YES;
				SWIFT_VERSION = 5.0;
				TARGETED_DEVICE_FAMILY = "1,2";
			};
			name = Release;
		};
/* End XCBuildConfiguration section */

/* Begin XCConfigurationList section */
		581B75F82A9C28C200C78908 /* Build configuration list for PBXProject "Payco_Clone" */ = {
			isa = XCConfigurationList;
			buildConfigurations = (
				581B76092A9C28C500C78908 /* Debug */,
				581B760A2A9C28C500C78908 /* Release */,
			);
			defaultConfigurationIsVisible = 0;
			defaultConfigurationName = Release;
		};
		581B760B2A9C28C500C78908 /* Build configuration list for PBXNativeTarget "Payco_Clone" */ = {
			isa = XCConfigurationList;
			buildConfigurations = (
				581B760C2A9C28C500C78908 /* Debug */,
				581B760D2A9C28C500C78908 /* Release */,
			);
			defaultConfigurationIsVisible = 0;
			defaultConfigurationName = Release;
		};
/* End XCConfigurationList section */
	};
	rootObject = 581B75F52A9C28C200C78908 /* Project object */;
}
