// !$*UTF8*$!
{
	archiveVersion = 1;
	classes = {
	};
	objectVersion = 56;
	objects = {

/* Begin PBXBuildFile section */
		58D152C42A97134F009AEC07 /* SwiftUI_Dev_TutorialsApp.swift in Sources */ = {isa = PBXBuildFile; fileRef = 58D152C32A97134F009AEC07 /* SwiftUI_Dev_TutorialsApp.swift */; };
		58D152C62A97134F009AEC07 /* MeetingView.swift in Sources */ = {isa = PBXBuildFile; fileRef = 58D152C52A97134F009AEC07 /* MeetingView.swift */; };
		58D152C82A971350009AEC07 /* Assets.xcassets in Resources */ = {isa = PBXBuildFile; fileRef = 58D152C72A971350009AEC07 /* Assets.xcassets */; };
		58D152CB2A971350009AEC07 /* Preview Assets.xcassets in Resources */ = {isa = PBXBuildFile; fileRef = 58D152CA2A971350009AEC07 /* Preview Assets.xcassets */; };
		58D152D22A971EE6009AEC07 /* Theme.swift in Sources */ = {isa = PBXBuildFile; fileRef = 58D152D12A971EE6009AEC07 /* Theme.swift */; };
		58D152D42A971F3E009AEC07 /* DailyScrum.swift in Sources */ = {isa = PBXBuildFile; fileRef = 58D152D32A971F3E009AEC07 /* DailyScrum.swift */; };
		58D152D62A972024009AEC07 /* CardView.swift in Sources */ = {isa = PBXBuildFile; fileRef = 58D152D52A972024009AEC07 /* CardView.swift */; };
		58D152D82A972145009AEC07 /* TrailingIconLabelStyle.swift in Sources */ = {isa = PBXBuildFile; fileRef = 58D152D72A972145009AEC07 /* TrailingIconLabelStyle.swift */; };
		58D152DA2A9722B3009AEC07 /* ScrumsView.swift in Sources */ = {isa = PBXBuildFile; fileRef = 58D152D92A9722B3009AEC07 /* ScrumsView.swift */; };
		58D152DC2A9726AD009AEC07 /* DetailView.swift in Sources */ = {isa = PBXBuildFile; fileRef = 58D152DB2A9726AD009AEC07 /* DetailView.swift */; };
		58D152DE2A972E35009AEC07 /* DetailEditView.swift in Sources */ = {isa = PBXBuildFile; fileRef = 58D152DD2A972E35009AEC07 /* DetailEditView.swift */; };
		58D152E02A9733CD009AEC07 /* ThemeView.swift in Sources */ = {isa = PBXBuildFile; fileRef = 58D152DF2A9733CD009AEC07 /* ThemeView.swift */; };
		58D152E22A973465009AEC07 /* ThemePicker.swift in Sources */ = {isa = PBXBuildFile; fileRef = 58D152E12A973465009AEC07 /* ThemePicker.swift */; };
		58D152E42A981A13009AEC07 /* MeetingHeaderView.swift in Sources */ = {isa = PBXBuildFile; fileRef = 58D152E32A981A13009AEC07 /* MeetingHeaderView.swift */; };
		58D152E62A981BF4009AEC07 /* ScrumProgressViewStyle.swift in Sources */ = {isa = PBXBuildFile; fileRef = 58D152E52A981BF4009AEC07 /* ScrumProgressViewStyle.swift */; };
		58D152E82A981C77009AEC07 /* ScrumTimer.swift in Sources */ = {isa = PBXBuildFile; fileRef = 58D152E72A981C77009AEC07 /* ScrumTimer.swift */; };
		58D152EA2A981E1A009AEC07 /* MeetingFooterView.swift in Sources */ = {isa = PBXBuildFile; fileRef = 58D152E92A981E1A009AEC07 /* MeetingFooterView.swift */; };
		58D152EC2A98237A009AEC07 /* AVPlayer+Ding.swift in Sources */ = {isa = PBXBuildFile; fileRef = 58D152EB2A98237A009AEC07 /* AVPlayer+Ding.swift */; };
		58D152EE2A9825AE009AEC07 /* NewScrumSheet.swift in Sources */ = {isa = PBXBuildFile; fileRef = 58D152ED2A9825AE009AEC07 /* NewScrumSheet.swift */; };
		58D152F02A9826DE009AEC07 /* History.swift in Sources */ = {isa = PBXBuildFile; fileRef = 58D152EF2A9826DE009AEC07 /* History.swift */; };
		58D152F22A982B38009AEC07 /* ScrumStore.swift in Sources */ = {isa = PBXBuildFile; fileRef = 58D152F12A982B38009AEC07 /* ScrumStore.swift */; };
		58D152FC2A982F97009AEC07 /* ErrorView.swift in Sources */ = {isa = PBXBuildFile; fileRef = 58D152FB2A982F97009AEC07 /* ErrorView.swift */; };
		58D152FE2A982FAB009AEC07 /* ErrorWrapper.swift in Sources */ = {isa = PBXBuildFile; fileRef = 58D152FD2A982FAB009AEC07 /* ErrorWrapper.swift */; };
		58D153002A983A64009AEC07 /* MeetingTimerView.swift in Sources */ = {isa = PBXBuildFile; fileRef = 58D152FF2A983A64009AEC07 /* MeetingTimerView.swift */; };
		58D153022A983CC2009AEC07 /* SpeakerArc.swift in Sources */ = {isa = PBXBuildFile; fileRef = 58D153012A983CC2009AEC07 /* SpeakerArc.swift */; };
/* End PBXBuildFile section */

/* Begin PBXFileReference section */
		58D152C02A97134F009AEC07 /* SwiftUI_Dev_Tutorials.app */ = {isa = PBXFileReference; explicitFileType = wrapper.application; includeInIndex = 0; path = SwiftUI_Dev_Tutorials.app; sourceTree = BUILT_PRODUCTS_DIR; };
		58D152C32A97134F009AEC07 /* SwiftUI_Dev_TutorialsApp.swift */ = {isa = PBXFileReference; lastKnownFileType = sourcecode.swift; path = SwiftUI_Dev_TutorialsApp.swift; sourceTree = "<group>"; };
		58D152C52A97134F009AEC07 /* MeetingView.swift */ = {isa = PBXFileReference; lastKnownFileType = sourcecode.swift; path = MeetingView.swift; sourceTree = "<group>"; };
		58D152C72A971350009AEC07 /* Assets.xcassets */ = {isa = PBXFileReference; lastKnownFileType = folder.assetcatalog; path = Assets.xcassets; sourceTree = "<group>"; };
		58D152CA2A971350009AEC07 /* Preview Assets.xcassets */ = {isa = PBXFileReference; lastKnownFileType = folder.assetcatalog; path = "Preview Assets.xcassets"; sourceTree = "<group>"; };
		58D152D12A971EE6009AEC07 /* Theme.swift */ = {isa = PBXFileReference; lastKnownFileType = sourcecode.swift; path = Theme.swift; sourceTree = "<group>"; };
		58D152D32A971F3E009AEC07 /* DailyScrum.swift */ = {isa = PBXFileReference; lastKnownFileType = sourcecode.swift; path = DailyScrum.swift; sourceTree = "<group>"; };
		58D152D52A972024009AEC07 /* CardView.swift */ = {isa = PBXFileReference; lastKnownFileType = sourcecode.swift; path = CardView.swift; sourceTree = "<group>"; };
		58D152D72A972145009AEC07 /* TrailingIconLabelStyle.swift */ = {isa = PBXFileReference; lastKnownFileType = sourcecode.swift; path = TrailingIconLabelStyle.swift; sourceTree = "<group>"; };
		58D152D92A9722B3009AEC07 /* ScrumsView.swift */ = {isa = PBXFileReference; lastKnownFileType = sourcecode.swift; path = ScrumsView.swift; sourceTree = "<group>"; };
		58D152DB2A9726AD009AEC07 /* DetailView.swift */ = {isa = PBXFileReference; lastKnownFileType = sourcecode.swift; path = DetailView.swift; sourceTree = "<group>"; };
		58D152DD2A972E35009AEC07 /* DetailEditView.swift */ = {isa = PBXFileReference; lastKnownFileType = sourcecode.swift; path = DetailEditView.swift; sourceTree = "<group>"; };
		58D152DF2A9733CD009AEC07 /* ThemeView.swift */ = {isa = PBXFileReference; lastKnownFileType = sourcecode.swift; path = ThemeView.swift; sourceTree = "<group>"; };
		58D152E12A973465009AEC07 /* ThemePicker.swift */ = {isa = PBXFileReference; lastKnownFileType = sourcecode.swift; path = ThemePicker.swift; sourceTree = "<group>"; };
		58D152E32A981A13009AEC07 /* MeetingHeaderView.swift */ = {isa = PBXFileReference; lastKnownFileType = sourcecode.swift; path = MeetingHeaderView.swift; sourceTree = "<group>"; };
		58D152E52A981BF4009AEC07 /* ScrumProgressViewStyle.swift */ = {isa = PBXFileReference; lastKnownFileType = sourcecode.swift; path = ScrumProgressViewStyle.swift; sourceTree = "<group>"; };
		58D152E72A981C77009AEC07 /* ScrumTimer.swift */ = {isa = PBXFileReference; lastKnownFileType = sourcecode.swift; path = ScrumTimer.swift; sourceTree = "<group>"; };
		58D152E92A981E1A009AEC07 /* MeetingFooterView.swift */ = {isa = PBXFileReference; lastKnownFileType = sourcecode.swift; path = MeetingFooterView.swift; sourceTree = "<group>"; };
		58D152EB2A98237A009AEC07 /* AVPlayer+Ding.swift */ = {isa = PBXFileReference; lastKnownFileType = sourcecode.swift; path = "AVPlayer+Ding.swift"; sourceTree = "<group>"; };
		58D152ED2A9825AE009AEC07 /* NewScrumSheet.swift */ = {isa = PBXFileReference; lastKnownFileType = sourcecode.swift; path = NewScrumSheet.swift; sourceTree = "<group>"; };
		58D152EF2A9826DE009AEC07 /* History.swift */ = {isa = PBXFileReference; lastKnownFileType = sourcecode.swift; path = History.swift; sourceTree = "<group>"; };
		58D152F12A982B38009AEC07 /* ScrumStore.swift */ = {isa = PBXFileReference; lastKnownFileType = sourcecode.swift; path = ScrumStore.swift; sourceTree = "<group>"; };
		58D152FB2A982F97009AEC07 /* ErrorView.swift */ = {isa = PBXFileReference; lastKnownFileType = sourcecode.swift; path = ErrorView.swift; sourceTree = "<group>"; };
		58D152FD2A982FAB009AEC07 /* ErrorWrapper.swift */ = {isa = PBXFileReference; lastKnownFileType = sourcecode.swift; path = ErrorWrapper.swift; sourceTree = "<group>"; };
		58D152FF2A983A64009AEC07 /* MeetingTimerView.swift */ = {isa = PBXFileReference; lastKnownFileType = sourcecode.swift; path = MeetingTimerView.swift; sourceTree = "<group>"; };
		58D153012A983CC2009AEC07 /* SpeakerArc.swift */ = {isa = PBXFileReference; lastKnownFileType = sourcecode.swift; path = SpeakerArc.swift; sourceTree = "<group>"; };
/* End PBXFileReference section */

/* Begin PBXFrameworksBuildPhase section */
		58D152BD2A97134F009AEC07 /* Frameworks */ = {
			isa = PBXFrameworksBuildPhase;
			buildActionMask = 2147483647;
			files = (
			);
			runOnlyForDeploymentPostprocessing = 0;
		};
/* End PBXFrameworksBuildPhase section */

/* Begin PBXGroup section */
		58D152B72A97134F009AEC07 = {
			isa = PBXGroup;
			children = (
				58D152C22A97134F009AEC07 /* SwiftUI_Dev_Tutorials */,
				58D152C12A97134F009AEC07 /* Products */,
			);
			sourceTree = "<group>";
		};
		58D152C12A97134F009AEC07 /* Products */ = {
			isa = PBXGroup;
			children = (
				58D152C02A97134F009AEC07 /* SwiftUI_Dev_Tutorials.app */,
			);
			name = Products;
			sourceTree = "<group>";
		};
		58D152C22A97134F009AEC07 /* SwiftUI_Dev_Tutorials */ = {
			isa = PBXGroup;
			children = (
				58D152C32A97134F009AEC07 /* SwiftUI_Dev_TutorialsApp.swift */,
				58D152C52A97134F009AEC07 /* MeetingView.swift */,
				58D153012A983CC2009AEC07 /* SpeakerArc.swift */,
				58D152EB2A98237A009AEC07 /* AVPlayer+Ding.swift */,
				58D152E92A981E1A009AEC07 /* MeetingFooterView.swift */,
				58D152D12A971EE6009AEC07 /* Theme.swift */,
				58D152D32A971F3E009AEC07 /* DailyScrum.swift */,
				58D152FF2A983A64009AEC07 /* MeetingTimerView.swift */,
				58D152F12A982B38009AEC07 /* ScrumStore.swift */,
				58D152DD2A972E35009AEC07 /* DetailEditView.swift */,
				58D152D52A972024009AEC07 /* CardView.swift */,
				58D152D92A9722B3009AEC07 /* ScrumsView.swift */,
				58D152EF2A9826DE009AEC07 /* History.swift */,
				58D152ED2A9825AE009AEC07 /* NewScrumSheet.swift */,
				58D152DB2A9726AD009AEC07 /* DetailView.swift */,
				58D152E32A981A13009AEC07 /* MeetingHeaderView.swift */,
				58D152E72A981C77009AEC07 /* ScrumTimer.swift */,
				58D152E52A981BF4009AEC07 /* ScrumProgressViewStyle.swift */,
				58D152DF2A9733CD009AEC07 /* ThemeView.swift */,
				58D152E12A973465009AEC07 /* ThemePicker.swift */,
				58D152FB2A982F97009AEC07 /* ErrorView.swift */,
				58D152FD2A982FAB009AEC07 /* ErrorWrapper.swift */,
				58D152D72A972145009AEC07 /* TrailingIconLabelStyle.swift */,
				58D152C72A971350009AEC07 /* Assets.xcassets */,
				58D152C92A971350009AEC07 /* Preview Content */,
			);
			path = SwiftUI_Dev_Tutorials;
			sourceTree = "<group>";
		};
		58D152C92A971350009AEC07 /* Preview Content */ = {
			isa = PBXGroup;
			children = (
				58D152CA2A971350009AEC07 /* Preview Assets.xcassets */,
			);
			path = "Preview Content";
			sourceTree = "<group>";
		};
/* End PBXGroup section */

/* Begin PBXNativeTarget section */
		58D152BF2A97134F009AEC07 /* SwiftUI_Dev_Tutorials */ = {
			isa = PBXNativeTarget;
			buildConfigurationList = 58D152CE2A971351009AEC07 /* Build configuration list for PBXNativeTarget "SwiftUI_Dev_Tutorials" */;
			buildPhases = (
				58D152BC2A97134F009AEC07 /* Sources */,
				58D152BD2A97134F009AEC07 /* Frameworks */,
				58D152BE2A97134F009AEC07 /* Resources */,
			);
			buildRules = (
			);
			dependencies = (
			);
			name = SwiftUI_Dev_Tutorials;
			productName = SwiftUI_Dev_Tutorials;
			productReference = 58D152C02A97134F009AEC07 /* SwiftUI_Dev_Tutorials.app */;
			productType = "com.apple.product-type.application";
		};
/* End PBXNativeTarget section */

/* Begin PBXProject section */
		58D152B82A97134F009AEC07 /* Project object */ = {
			isa = PBXProject;
			attributes = {
				BuildIndependentTargetsInParallel = 1;
				LastSwiftUpdateCheck = 1430;
				LastUpgradeCheck = 1430;
				TargetAttributes = {
					58D152BF2A97134F009AEC07 = {
						CreatedOnToolsVersion = 14.3.1;
					};
				};
			};
			buildConfigurationList = 58D152BB2A97134F009AEC07 /* Build configuration list for PBXProject "SwiftUI_Dev_Tutorials" */;
			compatibilityVersion = "Xcode 14.0";
			developmentRegion = en;
			hasScannedForEncodings = 0;
			knownRegions = (
				en,
				Base,
			);
			mainGroup = 58D152B72A97134F009AEC07;
			productRefGroup = 58D152C12A97134F009AEC07 /* Products */;
			projectDirPath = "";
			projectRoot = "";
			targets = (
				58D152BF2A97134F009AEC07 /* SwiftUI_Dev_Tutorials */,
			);
		};
/* End PBXProject section */

/* Begin PBXResourcesBuildPhase section */
		58D152BE2A97134F009AEC07 /* Resources */ = {
			isa = PBXResourcesBuildPhase;
			buildActionMask = 2147483647;
			files = (
				58D152CB2A971350009AEC07 /* Preview Assets.xcassets in Resources */,
				58D152C82A971350009AEC07 /* Assets.xcassets in Resources */,
			);
			runOnlyForDeploymentPostprocessing = 0;
		};
/* End PBXResourcesBuildPhase section */

/* Begin PBXSourcesBuildPhase section */
		58D152BC2A97134F009AEC07 /* Sources */ = {
			isa = PBXSourcesBuildPhase;
			buildActionMask = 2147483647;
			files = (
				58D152F02A9826DE009AEC07 /* History.swift in Sources */,
				58D152E22A973465009AEC07 /* ThemePicker.swift in Sources */,
				58D152E62A981BF4009AEC07 /* ScrumProgressViewStyle.swift in Sources */,
				58D152EA2A981E1A009AEC07 /* MeetingFooterView.swift in Sources */,
				58D153022A983CC2009AEC07 /* SpeakerArc.swift in Sources */,
				58D152E82A981C77009AEC07 /* ScrumTimer.swift in Sources */,
				58D152D42A971F3E009AEC07 /* DailyScrum.swift in Sources */,
				58D153002A983A64009AEC07 /* MeetingTimerView.swift in Sources */,
				58D152F22A982B38009AEC07 /* ScrumStore.swift in Sources */,
				58D152DC2A9726AD009AEC07 /* DetailView.swift in Sources */,
				58D152E42A981A13009AEC07 /* MeetingHeaderView.swift in Sources */,
				58D152DE2A972E35009AEC07 /* DetailEditView.swift in Sources */,
				58D152EE2A9825AE009AEC07 /* NewScrumSheet.swift in Sources */,
				58D152D82A972145009AEC07 /* TrailingIconLabelStyle.swift in Sources */,
				58D152D22A971EE6009AEC07 /* Theme.swift in Sources */,
				58D152DA2A9722B3009AEC07 /* ScrumsView.swift in Sources */,
				58D152C62A97134F009AEC07 /* MeetingView.swift in Sources */,
				58D152FE2A982FAB009AEC07 /* ErrorWrapper.swift in Sources */,
				58D152FC2A982F97009AEC07 /* ErrorView.swift in Sources */,
				58D152C42A97134F009AEC07 /* SwiftUI_Dev_TutorialsApp.swift in Sources */,
				58D152E02A9733CD009AEC07 /* ThemeView.swift in Sources */,
				58D152D62A972024009AEC07 /* CardView.swift in Sources */,
				58D152EC2A98237A009AEC07 /* AVPlayer+Ding.swift in Sources */,
			);
			runOnlyForDeploymentPostprocessing = 0;
		};
/* End PBXSourcesBuildPhase section */

/* Begin XCBuildConfiguration section */
		58D152CC2A971351009AEC07 /* Debug */ = {
			isa = XCBuildConfiguration;
			buildSettings = {
				ALWAYS_SEARCH_USER_PATHS = NO;
				CLANG_ANALYZER_NONNULL = YES;
				CLANG_ANALYZER_NUMBER_OBJECT_CONVERSION = YES_AGGRESSIVE;
				CLANG_CXX_LANGUAGE_STANDARD = "gnu++20";
				CLANG_ENABLE_MODULES = YES;
				CLANG_ENABLE_OBJC_ARC = YES;
				CLANG_ENABLE_OBJC_WEAK = YES;
				CLANG_WARN_BLOCK_CAPTURE_AUTORELEASING = YES;
				CLANG_WARN_BOOL_CONVERSION = YES;
				CLANG_WARN_COMMA = YES;
				CLANG_WARN_CONSTANT_CONVERSION = YES;
				CLANG_WARN_DEPRECATED_OBJC_IMPLEMENTATIONS = YES;
				CLANG_WARN_DIRECT_OBJC_ISA_USAGE = YES_ERROR;
				CLANG_WARN_DOCUMENTATION_COMMENTS = YES;
				CLANG_WARN_EMPTY_BODY = YES;
				CLANG_WARN_ENUM_CONVERSION = YES;
				CLANG_WARN_INFINITE_RECURSION = YES;
				CLANG_WARN_INT_CONVERSION = YES;
				CLANG_WARN_NON_LITERAL_NULL_CONVERSION = YES;
				CLANG_WARN_OBJC_IMPLICIT_RETAIN_SELF = YES;
				CLANG_WARN_OBJC_LITERAL_CONVERSION = YES;
				CLANG_WARN_OBJC_ROOT_CLASS = YES_ERROR;
				CLANG_WARN_QUOTED_INCLUDE_IN_FRAMEWORK_HEADER = YES;
				CLANG_WARN_RANGE_LOOP_ANALYSIS = YES;
				CLANG_WARN_STRICT_PROTOTYPES = YES;
				CLANG_WARN_SUSPICIOUS_MOVE = YES;
				CLANG_WARN_UNGUARDED_AVAILABILITY = YES_AGGRESSIVE;
				CLANG_WARN_UNREACHABLE_CODE = YES;
				CLANG_WARN__DUPLICATE_METHOD_MATCH = YES;
				COPY_PHASE_STRIP = NO;
				DEBUG_INFORMATION_FORMAT = dwarf;
				ENABLE_STRICT_OBJC_MSGSEND = YES;
				ENABLE_TESTABILITY = YES;
				GCC_C_LANGUAGE_STANDARD = gnu11;
				GCC_DYNAMIC_NO_PIC = NO;
				GCC_NO_COMMON_BLOCKS = YES;
				GCC_OPTIMIZATION_LEVEL = 0;
				GCC_PREPROCESSOR_DEFINITIONS = (
					"DEBUG=1",
					"$(inherited)",
				);
				GCC_WARN_64_TO_32_BIT_CONVERSION = YES;
				GCC_WARN_ABOUT_RETURN_TYPE = YES_ERROR;
				GCC_WARN_UNDECLARED_SELECTOR = YES;
				GCC_WARN_UNINITIALIZED_AUTOS = YES_AGGRESSIVE;
				GCC_WARN_UNUSED_FUNCTION = YES;
				GCC_WARN_UNUSED_VARIABLE = YES;
				IPHONEOS_DEPLOYMENT_TARGET = 16.4;
				MTL_ENABLE_DEBUG_INFO = INCLUDE_SOURCE;
				MTL_FAST_MATH = YES;
				ONLY_ACTIVE_ARCH = YES;
				SDKROOT = iphoneos;
				SWIFT_ACTIVE_COMPILATION_CONDITIONS = DEBUG;
				SWIFT_OPTIMIZATION_LEVEL = "-Onone";
			};
			name = Debug;
		};
		58D152CD2A971351009AEC07 /* Release */ = {
			isa = XCBuildConfiguration;
			buildSettings = {
				ALWAYS_SEARCH_USER_PATHS = NO;
				CLANG_ANALYZER_NONNULL = YES;
				CLANG_ANALYZER_NUMBER_OBJECT_CONVERSION = YES_AGGRESSIVE;
				CLANG_CXX_LANGUAGE_STANDARD = "gnu++20";
				CLANG_ENABLE_MODULES = YES;
				CLANG_ENABLE_OBJC_ARC = YES;
				CLANG_ENABLE_OBJC_WEAK = YES;
				CLANG_WARN_BLOCK_CAPTURE_AUTORELEASING = YES;
				CLANG_WARN_BOOL_CONVERSION = YES;
				CLANG_WARN_COMMA = YES;
				CLANG_WARN_CONSTANT_CONVERSION = YES;
				CLANG_WARN_DEPRECATED_OBJC_IMPLEMENTATIONS = YES;
				CLANG_WARN_DIRECT_OBJC_ISA_USAGE = YES_ERROR;
				CLANG_WARN_DOCUMENTATION_COMMENTS = YES;
				CLANG_WARN_EMPTY_BODY = YES;
				CLANG_WARN_ENUM_CONVERSION = YES;
				CLANG_WARN_INFINITE_RECURSION = YES;
				CLANG_WARN_INT_CONVERSION = YES;
				CLANG_WARN_NON_LITERAL_NULL_CONVERSION = YES;
				CLANG_WARN_OBJC_IMPLICIT_RETAIN_SELF = YES;
				CLANG_WARN_OBJC_LITERAL_CONVERSION = YES;
				CLANG_WARN_OBJC_ROOT_CLASS = YES_ERROR;
				CLANG_WARN_QUOTED_INCLUDE_IN_FRAMEWORK_HEADER = YES;
				CLANG_WARN_RANGE_LOOP_ANALYSIS = YES;
				CLANG_WARN_STRICT_PROTOTYPES = YES;
				CLANG_WARN_SUSPICIOUS_MOVE = YES;
				CLANG_WARN_UNGUARDED_AVAILABILITY = YES_AGGRESSIVE;
				CLANG_WARN_UNREACHABLE_CODE = YES;
				CLANG_WARN__DUPLICATE_METHOD_MATCH = YES;
				COPY_PHASE_STRIP = NO;
				DEBUG_INFORMATION_FORMAT = "dwarf-with-dsym";
				ENABLE_NS_ASSERTIONS = NO;
				ENABLE_STRICT_OBJC_MSGSEND = YES;
				GCC_C_LANGUAGE_STANDARD = gnu11;
				GCC_NO_COMMON_BLOCKS = YES;
				GCC_WARN_64_TO_32_BIT_CONVERSION = YES;
				GCC_WARN_ABOUT_RETURN_TYPE = YES_ERROR;
				GCC_WARN_UNDECLARED_SELECTOR = YES;
				GCC_WARN_UNINITIALIZED_AUTOS = YES_AGGRESSIVE;
				GCC_WARN_UNUSED_FUNCTION = YES;
				GCC_WARN_UNUSED_VARIABLE = YES;
				IPHONEOS_DEPLOYMENT_TARGET = 16.4;
				MTL_ENABLE_DEBUG_INFO = NO;
				MTL_FAST_MATH = YES;
				SDKROOT = iphoneos;
				SWIFT_COMPILATION_MODE = wholemodule;
				SWIFT_OPTIMIZATION_LEVEL = "-O";
				VALIDATE_PRODUCT = YES;
			};
			name = Release;
		};
		58D152CF2A971351009AEC07 /* Debug */ = {
			isa = XCBuildConfiguration;
			buildSettings = {
				ASSETCATALOG_COMPILER_APPICON_NAME = AppIcon;
				ASSETCATALOG_COMPILER_GLOBAL_ACCENT_COLOR_NAME = AccentColor;
				CODE_SIGN_STYLE = Automatic;
				CURRENT_PROJECT_VERSION = 1;
				DEVELOPMENT_ASSET_PATHS = "\"SwiftUI_Dev_Tutorials/Preview Content\"";
				DEVELOPMENT_TEAM = MTDP4HFM7X;
				ENABLE_PREVIEWS = YES;
				GENERATE_INFOPLIST_FILE = YES;
				INFOPLIST_KEY_UIApplicationSceneManifest_Generation = YES;
				INFOPLIST_KEY_UIApplicationSupportsIndirectInputEvents = YES;
				INFOPLIST_KEY_UILaunchScreen_Generation = YES;
				INFOPLIST_KEY_UISupportedInterfaceOrientations_iPad = "UIInterfaceOrientationPortrait UIInterfaceOrientationPortraitUpsideDown UIInterfaceOrientationLandscapeLeft UIInterfaceOrientationLandscapeRight";
				INFOPLIST_KEY_UISupportedInterfaceOrientations_iPhone = "UIInterfaceOrientationPortrait UIInterfaceOrientationLandscapeLeft UIInterfaceOrientationLandscapeRight";
				LD_RUNPATH_SEARCH_PATHS = (
					"$(inherited)",
					"@executable_path/Frameworks",
				);
				MARKETING_VERSION = 1.0;
				PRODUCT_BUNDLE_IDENTIFIER = "test.SwiftUI-Dev-Tutorials";
				PRODUCT_NAME = "$(TARGET_NAME)";
				SWIFT_EMIT_LOC_STRINGS = YES;
				SWIFT_VERSION = 5.0;
				TARGETED_DEVICE_FAMILY = "1,2";
			};
			name = Debug;
		};
		58D152D02A971351009AEC07 /* Release */ = {
			isa = XCBuildConfiguration;
			buildSettings = {
				ASSETCATALOG_COMPILER_APPICON_NAME = AppIcon;
				ASSETCATALOG_COMPILER_GLOBAL_ACCENT_COLOR_NAME = AccentColor;
				CODE_SIGN_STYLE = Automatic;
				CURRENT_PROJECT_VERSION = 1;
				DEVELOPMENT_ASSET_PATHS = "\"SwiftUI_Dev_Tutorials/Preview Content\"";
				DEVELOPMENT_TEAM = MTDP4HFM7X;
				ENABLE_PREVIEWS = YES;
				GENERATE_INFOPLIST_FILE = YES;
				INFOPLIST_KEY_UIApplicationSceneManifest_Generation = YES;
				INFOPLIST_KEY_UIApplicationSupportsIndirectInputEvents = YES;
				INFOPLIST_KEY_UILaunchScreen_Generation = YES;
				INFOPLIST_KEY_UISupportedInterfaceOrientations_iPad = "UIInterfaceOrientationPortrait UIInterfaceOrientationPortraitUpsideDown UIInterfaceOrientationLandscapeLeft UIInterfaceOrientationLandscapeRight";
				INFOPLIST_KEY_UISupportedInterfaceOrientations_iPhone = "UIInterfaceOrientationPortrait UIInterfaceOrientationLandscapeLeft UIInterfaceOrientationLandscapeRight";
				LD_RUNPATH_SEARCH_PATHS = (
					"$(inherited)",
					"@executable_path/Frameworks",
				);
				MARKETING_VERSION = 1.0;
				PRODUCT_BUNDLE_IDENTIFIER = "test.SwiftUI-Dev-Tutorials";
				PRODUCT_NAME = "$(TARGET_NAME)";
				SWIFT_EMIT_LOC_STRINGS = YES;
				SWIFT_VERSION = 5.0;
				TARGETED_DEVICE_FAMILY = "1,2";
			};
			name = Release;
		};
/* End XCBuildConfiguration section */

/* Begin XCConfigurationList section */
		58D152BB2A97134F009AEC07 /* Build configuration list for PBXProject "SwiftUI_Dev_Tutorials" */ = {
			isa = XCConfigurationList;
			buildConfigurations = (
				58D152CC2A971351009AEC07 /* Debug */,
				58D152CD2A971351009AEC07 /* Release */,
			);
			defaultConfigurationIsVisible = 0;
			defaultConfigurationName = Release;
		};
		58D152CE2A971351009AEC07 /* Build configuration list for PBXNativeTarget "SwiftUI_Dev_Tutorials" */ = {
			isa = XCConfigurationList;
			buildConfigurations = (
				58D152CF2A971351009AEC07 /* Debug */,
				58D152D02A971351009AEC07 /* Release */,
			);
			defaultConfigurationIsVisible = 0;
			defaultConfigurationName = Release;
		};
/* End XCConfigurationList section */
	};
	rootObject = 58D152B82A97134F009AEC07 /* Project object */;
}
