// !$*UTF8*$!
{
	archiveVersion = 1;
	classes = {
	};
	objectVersion = 56;
	objects = {

/* Begin PBXBuildFile section */
		58848EEB2A8C4CF000E9FD03 /* SwiftUI_TutorialsApp.swift in Sources */ = {isa = PBXBuildFile; fileRef = 58848EEA2A8C4CF000E9FD03 /* SwiftUI_TutorialsApp.swift */; };
		58848EED2A8C4CF000E9FD03 /* ContentView.swift in Sources */ = {isa = PBXBuildFile; fileRef = 58848EEC2A8C4CF000E9FD03 /* ContentView.swift */; };
		58848EEF2A8C4CF100E9FD03 /* Assets.xcassets in Resources */ = {isa = PBXBuildFile; fileRef = 58848EEE2A8C4CF100E9FD03 /* Assets.xcassets */; };
		58848EF22A8C4CF100E9FD03 /* Preview Assets.xcassets in Resources */ = {isa = PBXBuildFile; fileRef = 58848EF12A8C4CF100E9FD03 /* Preview Assets.xcassets */; };
		58848EF92A8C86D800E9FD03 /* KeywordBubbleDefaultPadding.swift in Sources */ = {isa = PBXBuildFile; fileRef = 58848EF82A8C86D800E9FD03 /* KeywordBubbleDefaultPadding.swift */; };
		58848EFB2A8C900A00E9FD03 /* CaptionedPhoto.swift in Sources */ = {isa = PBXBuildFile; fileRef = 58848EFA2A8C900A00E9FD03 /* CaptionedPhoto.swift */; };
		58848EFD2A8C974C00E9FD03 /* EventTile.swift in Sources */ = {isa = PBXBuildFile; fileRef = 58848EFC2A8C974C00E9FD03 /* EventTile.swift */; };
		58848EFF2A8C9C7D00E9FD03 /* TrainCar.swift in Sources */ = {isa = PBXBuildFile; fileRef = 58848EFE2A8C9C7D00E9FD03 /* TrainCar.swift */; };
		58848F012A8C9D3D00E9FD03 /* DefaultSpacing.swift in Sources */ = {isa = PBXBuildFile; fileRef = 58848F002A8C9D3D00E9FD03 /* DefaultSpacing.swift */; };
		58848F032A8C9D7A00E9FD03 /* SpecificSpacing.swift in Sources */ = {isa = PBXBuildFile; fileRef = 58848F022A8C9D7A00E9FD03 /* SpecificSpacing.swift */; };
		58848F052A8C9DCE00E9FD03 /* ScaledSpacing.swift in Sources */ = {isa = PBXBuildFile; fileRef = 58848F042A8C9DCE00E9FD03 /* ScaledSpacing.swift */; };
		58FB78D82A8CB449009C3ED1 /* StarRating.swift in Sources */ = {isa = PBXBuildFile; fileRef = 58FB78D72A8CB449009C3ED1 /* StarRating.swift */; };
/* End PBXBuildFile section */

/* Begin PBXFileReference section */
		58848EE72A8C4CF000E9FD03 /* SwiftUI_Tutorials.app */ = {isa = PBXFileReference; explicitFileType = wrapper.application; includeInIndex = 0; path = SwiftUI_Tutorials.app; sourceTree = BUILT_PRODUCTS_DIR; };
		58848EEA2A8C4CF000E9FD03 /* SwiftUI_TutorialsApp.swift */ = {isa = PBXFileReference; lastKnownFileType = sourcecode.swift; path = SwiftUI_TutorialsApp.swift; sourceTree = "<group>"; };
		58848EEC2A8C4CF000E9FD03 /* ContentView.swift */ = {isa = PBXFileReference; lastKnownFileType = sourcecode.swift; path = ContentView.swift; sourceTree = "<group>"; };
		58848EEE2A8C4CF100E9FD03 /* Assets.xcassets */ = {isa = PBXFileReference; lastKnownFileType = folder.assetcatalog; path = Assets.xcassets; sourceTree = "<group>"; };
		58848EF12A8C4CF100E9FD03 /* Preview Assets.xcassets */ = {isa = PBXFileReference; lastKnownFileType = folder.assetcatalog; path = "Preview Assets.xcassets"; sourceTree = "<group>"; };
		58848EF82A8C86D800E9FD03 /* KeywordBubbleDefaultPadding.swift */ = {isa = PBXFileReference; lastKnownFileType = sourcecode.swift; path = KeywordBubbleDefaultPadding.swift; sourceTree = "<group>"; };
		58848EFA2A8C900A00E9FD03 /* CaptionedPhoto.swift */ = {isa = PBXFileReference; lastKnownFileType = sourcecode.swift; path = CaptionedPhoto.swift; sourceTree = "<group>"; };
		58848EFC2A8C974C00E9FD03 /* EventTile.swift */ = {isa = PBXFileReference; lastKnownFileType = sourcecode.swift; path = EventTile.swift; sourceTree = "<group>"; };
		58848EFE2A8C9C7D00E9FD03 /* TrainCar.swift */ = {isa = PBXFileReference; lastKnownFileType = sourcecode.swift; path = TrainCar.swift; sourceTree = "<group>"; };
		58848F002A8C9D3D00E9FD03 /* DefaultSpacing.swift */ = {isa = PBXFileReference; lastKnownFileType = sourcecode.swift; path = DefaultSpacing.swift; sourceTree = "<group>"; };
		58848F022A8C9D7A00E9FD03 /* SpecificSpacing.swift */ = {isa = PBXFileReference; lastKnownFileType = sourcecode.swift; path = SpecificSpacing.swift; sourceTree = "<group>"; };
		58848F042A8C9DCE00E9FD03 /* ScaledSpacing.swift */ = {isa = PBXFileReference; lastKnownFileType = sourcecode.swift; path = ScaledSpacing.swift; sourceTree = "<group>"; };
		58FB78D72A8CB449009C3ED1 /* StarRating.swift */ = {isa = PBXFileReference; lastKnownFileType = sourcecode.swift; path = StarRating.swift; sourceTree = "<group>"; };
/* End PBXFileReference section */

/* Begin PBXFrameworksBuildPhase section */
		58848EE42A8C4CF000E9FD03 /* Frameworks */ = {
			isa = PBXFrameworksBuildPhase;
			buildActionMask = 2147483647;
			files = (
			);
			runOnlyForDeploymentPostprocessing = 0;
		};
/* End PBXFrameworksBuildPhase section */

/* Begin PBXGroup section */
		58848EDE2A8C4CF000E9FD03 = {
			isa = PBXGroup;
			children = (
				58848EE92A8C4CF000E9FD03 /* SwiftUI_Tutorials */,
				58848EE82A8C4CF000E9FD03 /* Products */,
			);
			sourceTree = "<group>";
		};
		58848EE82A8C4CF000E9FD03 /* Products */ = {
			isa = PBXGroup;
			children = (
				58848EE72A8C4CF000E9FD03 /* SwiftUI_Tutorials.app */,
			);
			name = Products;
			sourceTree = "<group>";
		};
		58848EE92A8C4CF000E9FD03 /* SwiftUI_Tutorials */ = {
			isa = PBXGroup;
			children = (
				58848EEA2A8C4CF000E9FD03 /* SwiftUI_TutorialsApp.swift */,
				58848EEC2A8C4CF000E9FD03 /* ContentView.swift */,
				58848EF82A8C86D800E9FD03 /* KeywordBubbleDefaultPadding.swift */,
				58848EFA2A8C900A00E9FD03 /* CaptionedPhoto.swift */,
				58848EFC2A8C974C00E9FD03 /* EventTile.swift */,
				58848EFE2A8C9C7D00E9FD03 /* TrainCar.swift */,
				58848F002A8C9D3D00E9FD03 /* DefaultSpacing.swift */,
				58848F022A8C9D7A00E9FD03 /* SpecificSpacing.swift */,
				58848F042A8C9DCE00E9FD03 /* ScaledSpacing.swift */,
				58FB78D72A8CB449009C3ED1 /* StarRating.swift */,
				58848EEE2A8C4CF100E9FD03 /* Assets.xcassets */,
				58848EF02A8C4CF100E9FD03 /* Preview Content */,
			);
			path = SwiftUI_Tutorials;
			sourceTree = "<group>";
		};
		58848EF02A8C4CF100E9FD03 /* Preview Content */ = {
			isa = PBXGroup;
			children = (
				58848EF12A8C4CF100E9FD03 /* Preview Assets.xcassets */,
			);
			path = "Preview Content";
			sourceTree = "<group>";
		};
/* End PBXGroup section */

/* Begin PBXNativeTarget section */
		58848EE62A8C4CF000E9FD03 /* SwiftUI_Tutorials */ = {
			isa = PBXNativeTarget;
			buildConfigurationList = 58848EF52A8C4CF100E9FD03 /* Build configuration list for PBXNativeTarget "SwiftUI_Tutorials" */;
			buildPhases = (
				58848EE32A8C4CF000E9FD03 /* Sources */,
				58848EE42A8C4CF000E9FD03 /* Frameworks */,
				58848EE52A8C4CF000E9FD03 /* Resources */,
			);
			buildRules = (
			);
			dependencies = (
			);
			name = SwiftUI_Tutorials;
			productName = SwiftUI_Tutorials;
			productReference = 58848EE72A8C4CF000E9FD03 /* SwiftUI_Tutorials.app */;
			productType = "com.apple.product-type.application";
		};
/* End PBXNativeTarget section */

/* Begin PBXProject section */
		58848EDF2A8C4CF000E9FD03 /* Project object */ = {
			isa = PBXProject;
			attributes = {
				BuildIndependentTargetsInParallel = 1;
				LastSwiftUpdateCheck = 1430;
				LastUpgradeCheck = 1430;
				TargetAttributes = {
					58848EE62A8C4CF000E9FD03 = {
						CreatedOnToolsVersion = 14.3.1;
					};
				};
			};
			buildConfigurationList = 58848EE22A8C4CF000E9FD03 /* Build configuration list for PBXProject "SwiftUI_Tutorials" */;
			compatibilityVersion = "Xcode 14.0";
			developmentRegion = en;
			hasScannedForEncodings = 0;
			knownRegions = (
				en,
				Base,
			);
			mainGroup = 58848EDE2A8C4CF000E9FD03;
			productRefGroup = 58848EE82A8C4CF000E9FD03 /* Products */;
			projectDirPath = "";
			projectRoot = "";
			targets = (
				58848EE62A8C4CF000E9FD03 /* SwiftUI_Tutorials */,
			);
		};
/* End PBXProject section */

/* Begin PBXResourcesBuildPhase section */
		58848EE52A8C4CF000E9FD03 /* Resources */ = {
			isa = PBXResourcesBuildPhase;
			buildActionMask = 2147483647;
			files = (
				58848EF22A8C4CF100E9FD03 /* Preview Assets.xcassets in Resources */,
				58848EEF2A8C4CF100E9FD03 /* Assets.xcassets in Resources */,
			);
			runOnlyForDeploymentPostprocessing = 0;
		};
/* End PBXResourcesBuildPhase section */

/* Begin PBXSourcesBuildPhase section */
		58848EE32A8C4CF000E9FD03 /* Sources */ = {
			isa = PBXSourcesBuildPhase;
			buildActionMask = 2147483647;
			files = (
				58848EFB2A8C900A00E9FD03 /* CaptionedPhoto.swift in Sources */,
				58848F012A8C9D3D00E9FD03 /* DefaultSpacing.swift in Sources */,
				58848EED2A8C4CF000E9FD03 /* ContentView.swift in Sources */,
				58848F032A8C9D7A00E9FD03 /* SpecificSpacing.swift in Sources */,
				58FB78D82A8CB449009C3ED1 /* StarRating.swift in Sources */,
				58848EF92A8C86D800E9FD03 /* KeywordBubbleDefaultPadding.swift in Sources */,
				58848F052A8C9DCE00E9FD03 /* ScaledSpacing.swift in Sources */,
				58848EFF2A8C9C7D00E9FD03 /* TrainCar.swift in Sources */,
				58848EEB2A8C4CF000E9FD03 /* SwiftUI_TutorialsApp.swift in Sources */,
				58848EFD2A8C974C00E9FD03 /* EventTile.swift in Sources */,
			);
			runOnlyForDeploymentPostprocessing = 0;
		};
/* End PBXSourcesBuildPhase section */

/* Begin XCBuildConfiguration section */
		58848EF32A8C4CF100E9FD03 /* Debug */ = {
			isa = XCBuildConfiguration;
			buildSettings = {
				ALWAYS_SEARCH_USER_PATHS = NO;
				CLANG_ANALYZER_NONNULL = YES;
				CLANG_ANALYZER_NUMBER_OBJECT_CONVERSION = YES_AGGRESSIVE;
				CLANG_CXX_LANGUAGE_STANDARD = "gnu++20";
				CLANG_ENABLE_MODULES = YES;
				CLANG_ENABLE_OBJC_ARC = YES;
				CLANG_ENABLE_OBJC_WEAK = YES;
				CLANG_WARN_BLOCK_CAPTURE_AUTORELEASING = YES;
				CLANG_WARN_BOOL_CONVERSION = YES;
				CLANG_WARN_COMMA = YES;
				CLANG_WARN_CONSTANT_CONVERSION = YES;
				CLANG_WARN_DEPRECATED_OBJC_IMPLEMENTATIONS = YES;
				CLANG_WARN_DIRECT_OBJC_ISA_USAGE = YES_ERROR;
				CLANG_WARN_DOCUMENTATION_COMMENTS = YES;
				CLANG_WARN_EMPTY_BODY = YES;
				CLANG_WARN_ENUM_CONVERSION = YES;
				CLANG_WARN_INFINITE_RECURSION = YES;
				CLANG_WARN_INT_CONVERSION = YES;
				CLANG_WARN_NON_LITERAL_NULL_CONVERSION = YES;
				CLANG_WARN_OBJC_IMPLICIT_RETAIN_SELF = YES;
				CLANG_WARN_OBJC_LITERAL_CONVERSION = YES;
				CLANG_WARN_OBJC_ROOT_CLASS = YES_ERROR;
				CLANG_WARN_QUOTED_INCLUDE_IN_FRAMEWORK_HEADER = YES;
				CLANG_WARN_RANGE_LOOP_ANALYSIS = YES;
				CLANG_WARN_STRICT_PROTOTYPES = YES;
				CLANG_WARN_SUSPICIOUS_MOVE = YES;
				CLANG_WARN_UNGUARDED_AVAILABILITY = YES_AGGRESSIVE;
				CLANG_WARN_UNREACHABLE_CODE = YES;
				CLANG_WARN__DUPLICATE_METHOD_MATCH = YES;
				COPY_PHASE_STRIP = NO;
				DEBUG_INFORMATION_FORMAT = dwarf;
				ENABLE_STRICT_OBJC_MSGSEND = YES;
				ENABLE_TESTABILITY = YES;
				GCC_C_LANGUAGE_STANDARD = gnu11;
				GCC_DYNAMIC_NO_PIC = NO;
				GCC_NO_COMMON_BLOCKS = YES;
				GCC_OPTIMIZATION_LEVEL = 0;
				GCC_PREPROCESSOR_DEFINITIONS = (
					"DEBUG=1",
					"$(inherited)",
				);
				GCC_WARN_64_TO_32_BIT_CONVERSION = YES;
				GCC_WARN_ABOUT_RETURN_TYPE = YES_ERROR;
				GCC_WARN_UNDECLARED_SELECTOR = YES;
				GCC_WARN_UNINITIALIZED_AUTOS = YES_AGGRESSIVE;
				GCC_WARN_UNUSED_FUNCTION = YES;
				GCC_WARN_UNUSED_VARIABLE = YES;
				IPHONEOS_DEPLOYMENT_TARGET = 16.4;
				MTL_ENABLE_DEBUG_INFO = INCLUDE_SOURCE;
				MTL_FAST_MATH = YES;
				ONLY_ACTIVE_ARCH = YES;
				SDKROOT = iphoneos;
				SWIFT_ACTIVE_COMPILATION_CONDITIONS = DEBUG;
				SWIFT_OPTIMIZATION_LEVEL = "-Onone";
			};
			name = Debug;
		};
		58848EF42A8C4CF100E9FD03 /* Release */ = {
			isa = XCBuildConfiguration;
			buildSettings = {
				ALWAYS_SEARCH_USER_PATHS = NO;
				CLANG_ANALYZER_NONNULL = YES;
				CLANG_ANALYZER_NUMBER_OBJECT_CONVERSION = YES_AGGRESSIVE;
				CLANG_CXX_LANGUAGE_STANDARD = "gnu++20";
				CLANG_ENABLE_MODULES = YES;
				CLANG_ENABLE_OBJC_ARC = YES;
				CLANG_ENABLE_OBJC_WEAK = YES;
				CLANG_WARN_BLOCK_CAPTURE_AUTORELEASING = YES;
				CLANG_WARN_BOOL_CONVERSION = YES;
				CLANG_WARN_COMMA = YES;
				CLANG_WARN_CONSTANT_CONVERSION = YES;
				CLANG_WARN_DEPRECATED_OBJC_IMPLEMENTATIONS = YES;
				CLANG_WARN_DIRECT_OBJC_ISA_USAGE = YES_ERROR;
				CLANG_WARN_DOCUMENTATION_COMMENTS = YES;
				CLANG_WARN_EMPTY_BODY = YES;
				CLANG_WARN_ENUM_CONVERSION = YES;
				CLANG_WARN_INFINITE_RECURSION = YES;
				CLANG_WARN_INT_CONVERSION = YES;
				CLANG_WARN_NON_LITERAL_NULL_CONVERSION = YES;
				CLANG_WARN_OBJC_IMPLICIT_RETAIN_SELF = YES;
				CLANG_WARN_OBJC_LITERAL_CONVERSION = YES;
				CLANG_WARN_OBJC_ROOT_CLASS = YES_ERROR;
				CLANG_WARN_QUOTED_INCLUDE_IN_FRAMEWORK_HEADER = YES;
				CLANG_WARN_RANGE_LOOP_ANALYSIS = YES;
				CLANG_WARN_STRICT_PROTOTYPES = YES;
				CLANG_WARN_SUSPICIOUS_MOVE = YES;
				CLANG_WARN_UNGUARDED_AVAILABILITY = YES_AGGRESSIVE;
				CLANG_WARN_UNREACHABLE_CODE = YES;
				CLANG_WARN__DUPLICATE_METHOD_MATCH = YES;
				COPY_PHASE_STRIP = NO;
				DEBUG_INFORMATION_FORMAT = "dwarf-with-dsym";
				ENABLE_NS_ASSERTIONS = NO;
				ENABLE_STRICT_OBJC_MSGSEND = YES;
				GCC_C_LANGUAGE_STANDARD = gnu11;
				GCC_NO_COMMON_BLOCKS = YES;
				GCC_WARN_64_TO_32_BIT_CONVERSION = YES;
				GCC_WARN_ABOUT_RETURN_TYPE = YES_ERROR;
				GCC_WARN_UNDECLARED_SELECTOR = YES;
				GCC_WARN_UNINITIALIZED_AUTOS = YES_AGGRESSIVE;
				GCC_WARN_UNUSED_FUNCTION = YES;
				GCC_WARN_UNUSED_VARIABLE = YES;
				IPHONEOS_DEPLOYMENT_TARGET = 16.4;
				MTL_ENABLE_DEBUG_INFO = NO;
				MTL_FAST_MATH = YES;
				SDKROOT = iphoneos;
				SWIFT_COMPILATION_MODE = wholemodule;
				SWIFT_OPTIMIZATION_LEVEL = "-O";
				VALIDATE_PRODUCT = YES;
			};
			name = Release;
		};
		58848EF62A8C4CF100E9FD03 /* Debug */ = {
			isa = XCBuildConfiguration;
			buildSettings = {
				ASSETCATALOG_COMPILER_APPICON_NAME = AppIcon;
				ASSETCATALOG_COMPILER_GLOBAL_ACCENT_COLOR_NAME = AccentColor;
				CODE_SIGN_STYLE = Automatic;
				CURRENT_PROJECT_VERSION = 1;
				DEVELOPMENT_ASSET_PATHS = "\"SwiftUI_Tutorials/Preview Content\"";
				DEVELOPMENT_TEAM = MTDP4HFM7X;
				ENABLE_PREVIEWS = YES;
				GENERATE_INFOPLIST_FILE = YES;
				INFOPLIST_KEY_UIApplicationSceneManifest_Generation = YES;
				INFOPLIST_KEY_UIApplicationSupportsIndirectInputEvents = YES;
				INFOPLIST_KEY_UILaunchScreen_Generation = YES;
				INFOPLIST_KEY_UISupportedInterfaceOrientations_iPad = "UIInterfaceOrientationPortrait UIInterfaceOrientationPortraitUpsideDown UIInterfaceOrientationLandscapeLeft UIInterfaceOrientationLandscapeRight";
				INFOPLIST_KEY_UISupportedInterfaceOrientations_iPhone = "UIInterfaceOrientationPortrait UIInterfaceOrientationLandscapeLeft UIInterfaceOrientationLandscapeRight";
				LD_RUNPATH_SEARCH_PATHS = (
					"$(inherited)",
					"@executable_path/Frameworks",
				);
				MARKETING_VERSION = 1.0;
				PRODUCT_BUNDLE_IDENTIFIER = "test.SwiftUI-Tutorials";
				PRODUCT_NAME = "$(TARGET_NAME)";
				SWIFT_EMIT_LOC_STRINGS = YES;
				SWIFT_VERSION = 5.0;
				TARGETED_DEVICE_FAMILY = "1,2";
			};
			name = Debug;
		};
		58848EF72A8C4CF100E9FD03 /* Release */ = {
			isa = XCBuildConfiguration;
			buildSettings = {
				ASSETCATALOG_COMPILER_APPICON_NAME = AppIcon;
				ASSETCATALOG_COMPILER_GLOBAL_ACCENT_COLOR_NAME = AccentColor;
				CODE_SIGN_STYLE = Automatic;
				CURRENT_PROJECT_VERSION = 1;
				DEVELOPMENT_ASSET_PATHS = "\"SwiftUI_Tutorials/Preview Content\"";
				DEVELOPMENT_TEAM = MTDP4HFM7X;
				ENABLE_PREVIEWS = YES;
				GENERATE_INFOPLIST_FILE = YES;
				INFOPLIST_KEY_UIApplicationSceneManifest_Generation = YES;
				INFOPLIST_KEY_UIApplicationSupportsIndirectInputEvents = YES;
				INFOPLIST_KEY_UILaunchScreen_Generation = YES;
				INFOPLIST_KEY_UISupportedInterfaceOrientations_iPad = "UIInterfaceOrientationPortrait UIInterfaceOrientationPortraitUpsideDown UIInterfaceOrientationLandscapeLeft UIInterfaceOrientationLandscapeRight";
				INFOPLIST_KEY_UISupportedInterfaceOrientations_iPhone = "UIInterfaceOrientationPortrait UIInterfaceOrientationLandscapeLeft UIInterfaceOrientationLandscapeRight";
				LD_RUNPATH_SEARCH_PATHS = (
					"$(inherited)",
					"@executable_path/Frameworks",
				);
				MARKETING_VERSION = 1.0;
				PRODUCT_BUNDLE_IDENTIFIER = "test.SwiftUI-Tutorials";
				PRODUCT_NAME = "$(TARGET_NAME)";
				SWIFT_EMIT_LOC_STRINGS = YES;
				SWIFT_VERSION = 5.0;
				TARGETED_DEVICE_FAMILY = "1,2";
			};
			name = Release;
		};
/* End XCBuildConfiguration section */

/* Begin XCConfigurationList section */
		58848EE22A8C4CF000E9FD03 /* Build configuration list for PBXProject "SwiftUI_Tutorials" */ = {
			isa = XCConfigurationList;
			buildConfigurations = (
				58848EF32A8C4CF100E9FD03 /* Debug */,
				58848EF42A8C4CF100E9FD03 /* Release */,
			);
			defaultConfigurationIsVisible = 0;
			defaultConfigurationName = Release;
		};
		58848EF52A8C4CF100E9FD03 /* Build configuration list for PBXNativeTarget "SwiftUI_Tutorials" */ = {
			isa = XCConfigurationList;
			buildConfigurations = (
				58848EF62A8C4CF100E9FD03 /* Debug */,
				58848EF72A8C4CF100E9FD03 /* Release */,
			);
			defaultConfigurationIsVisible = 0;
			defaultConfigurationName = Release;
		};
/* End XCConfigurationList section */
	};
	rootObject = 58848EDF2A8C4CF000E9FD03 /* Project object */;
}
