// !$*UTF8*$!
{
	archiveVersion = 1;
	classes = {
	};
	objectVersion = 56;
	objects = {

/* Begin PBXBuildFile section */
		58064BD42AE6057300F57552 /* FocusView.swift in Sources */ = {isa = PBXBuildFile; fileRef = 58064BD32AE6057300F57552 /* FocusView.swift */; };
		58064BDA2AE7A1DE00F57552 /* AnimationView.swift in Sources */ = {isa = PBXBuildFile; fileRef = 58064BD92AE7A1DE00F57552 /* AnimationView.swift */; };
		58064BDC2AE8A5F000F57552 /* EffectBasicView.swift in Sources */ = {isa = PBXBuildFile; fileRef = 58064BDB2AE8A5F000F57552 /* EffectBasicView.swift */; };
		58064BDE2AE8B0AB00F57552 /* FactClient.swift in Sources */ = {isa = PBXBuildFile; fileRef = 58064BDD2AE8B0AB00F57552 /* FactClient.swift */; };
		58064BE02AE8D20500F57552 /* CancellationView.swift in Sources */ = {isa = PBXBuildFile; fileRef = 58064BDF2AE8D20500F57552 /* CancellationView.swift */; };
		58064BE32AE8F46A00F57552 /* NavigatingView.swift in Sources */ = {isa = PBXBuildFile; fileRef = 58064BE22AE8F46A00F57552 /* NavigatingView.swift */; };
		58064BE82AEA20A600F57552 /* BasicPresentNaviView.swift in Sources */ = {isa = PBXBuildFile; fileRef = 58064BE72AEA20A600F57552 /* BasicPresentNaviView.swift */; };
		580979CC2ADF5377009E1F81 /* BindingBasicView.swift in Sources */ = {isa = PBXBuildFile; fileRef = 580979CB2ADF5377009E1F81 /* BindingBasicView.swift */; };
		580979CE2ADF99CA009E1F81 /* OptionalView.swift in Sources */ = {isa = PBXBuildFile; fileRef = 580979CD2ADF99CA009E1F81 /* OptionalView.swift */; };
		585824BD2AE258520047DDD4 /* AlertDialogView.swift in Sources */ = {isa = PBXBuildFile; fileRef = 585824BC2AE258520047DDD4 /* AlertDialogView.swift */; };
		58B485CE2ADE1FAE0084A849 /* TCA_CaseStudyApp.swift in Sources */ = {isa = PBXBuildFile; fileRef = 58B485CD2ADE1FAE0084A849 /* TCA_CaseStudyApp.swift */; };
		58B485D22ADE1FAF0084A849 /* Assets.xcassets in Resources */ = {isa = PBXBuildFile; fileRef = 58B485D12ADE1FAF0084A849 /* Assets.xcassets */; };
		58B485D52ADE1FAF0084A849 /* Preview Assets.xcassets in Resources */ = {isa = PBXBuildFile; fileRef = 58B485D42ADE1FAF0084A849 /* Preview Assets.xcassets */; };
		58B485DC2ADE22320084A849 /* CounterCore.swift in Sources */ = {isa = PBXBuildFile; fileRef = 58B485DB2ADE22320084A849 /* CounterCore.swift */; };
		58B485DE2ADE22AA0084A849 /* CounterView.swift in Sources */ = {isa = PBXBuildFile; fileRef = 58B485DD2ADE22AA0084A849 /* CounterView.swift */; };
		58B485E12ADE23A30084A849 /* ComposableArchitecture in Frameworks */ = {isa = PBXBuildFile; productRef = 58B485E02ADE23A30084A849 /* ComposableArchitecture */; };
		58B485E32ADE38760084A849 /* DoubleCounterView.swift in Sources */ = {isa = PBXBuildFile; fileRef = 58B485E22ADE38760084A849 /* DoubleCounterView.swift */; };
/* End PBXBuildFile section */

/* Begin PBXFileReference section */
		58064BD32AE6057300F57552 /* FocusView.swift */ = {isa = PBXFileReference; lastKnownFileType = sourcecode.swift; path = FocusView.swift; sourceTree = "<group>"; };
		58064BD92AE7A1DE00F57552 /* AnimationView.swift */ = {isa = PBXFileReference; lastKnownFileType = sourcecode.swift; path = AnimationView.swift; sourceTree = "<group>"; };
		58064BDB2AE8A5F000F57552 /* EffectBasicView.swift */ = {isa = PBXFileReference; lastKnownFileType = sourcecode.swift; path = EffectBasicView.swift; sourceTree = "<group>"; };
		58064BDD2AE8B0AB00F57552 /* FactClient.swift */ = {isa = PBXFileReference; lastKnownFileType = sourcecode.swift; path = FactClient.swift; sourceTree = "<group>"; };
		58064BDF2AE8D20500F57552 /* CancellationView.swift */ = {isa = PBXFileReference; lastKnownFileType = sourcecode.swift; path = CancellationView.swift; sourceTree = "<group>"; };
		58064BE22AE8F46A00F57552 /* NavigatingView.swift */ = {isa = PBXFileReference; lastKnownFileType = sourcecode.swift; path = NavigatingView.swift; sourceTree = "<group>"; };
		58064BE72AEA20A600F57552 /* BasicPresentNaviView.swift */ = {isa = PBXFileReference; lastKnownFileType = sourcecode.swift; path = BasicPresentNaviView.swift; sourceTree = "<group>"; };
		580979CB2ADF5377009E1F81 /* BindingBasicView.swift */ = {isa = PBXFileReference; lastKnownFileType = sourcecode.swift; path = BindingBasicView.swift; sourceTree = "<group>"; };
		580979CD2ADF99CA009E1F81 /* OptionalView.swift */ = {isa = PBXFileReference; lastKnownFileType = sourcecode.swift; path = OptionalView.swift; sourceTree = "<group>"; };
		585824BC2AE258520047DDD4 /* AlertDialogView.swift */ = {isa = PBXFileReference; lastKnownFileType = sourcecode.swift; path = AlertDialogView.swift; sourceTree = "<group>"; };
		58B485CA2ADE1FAE0084A849 /* TCA_CaseStudy.app */ = {isa = PBXFileReference; explicitFileType = wrapper.application; includeInIndex = 0; path = TCA_CaseStudy.app; sourceTree = BUILT_PRODUCTS_DIR; };
		58B485CD2ADE1FAE0084A849 /* TCA_CaseStudyApp.swift */ = {isa = PBXFileReference; lastKnownFileType = sourcecode.swift; path = TCA_CaseStudyApp.swift; sourceTree = "<group>"; };
		58B485D12ADE1FAF0084A849 /* Assets.xcassets */ = {isa = PBXFileReference; lastKnownFileType = folder.assetcatalog; path = Assets.xcassets; sourceTree = "<group>"; };
		58B485D42ADE1FAF0084A849 /* Preview Assets.xcassets */ = {isa = PBXFileReference; lastKnownFileType = folder.assetcatalog; path = "Preview Assets.xcassets"; sourceTree = "<group>"; };
		58B485DB2ADE22320084A849 /* CounterCore.swift */ = {isa = PBXFileReference; lastKnownFileType = sourcecode.swift; path = CounterCore.swift; sourceTree = "<group>"; };
		58B485DD2ADE22AA0084A849 /* CounterView.swift */ = {isa = PBXFileReference; lastKnownFileType = sourcecode.swift; path = CounterView.swift; sourceTree = "<group>"; };
		58B485E22ADE38760084A849 /* DoubleCounterView.swift */ = {isa = PBXFileReference; lastKnownFileType = sourcecode.swift; path = DoubleCounterView.swift; sourceTree = "<group>"; };
/* End PBXFileReference section */

/* Begin PBXFrameworksBuildPhase section */
		58B485C72ADE1FAE0084A849 /* Frameworks */ = {
			isa = PBXFrameworksBuildPhase;
			buildActionMask = 2147483647;
			files = (
				58B485E12ADE23A30084A849 /* ComposableArchitecture in Frameworks */,
			);
			runOnlyForDeploymentPostprocessing = 0;
		};
/* End PBXFrameworksBuildPhase section */

/* Begin PBXGroup section */
		58B485C12ADE1FAE0084A849 = {
			isa = PBXGroup;
			children = (
				58B485CC2ADE1FAE0084A849 /* TCA_CaseStudy */,
				58B485CB2ADE1FAE0084A849 /* Products */,
			);
			sourceTree = "<group>";
		};
		58B485CB2ADE1FAE0084A849 /* Products */ = {
			isa = PBXGroup;
			children = (
				58B485CA2ADE1FAE0084A849 /* TCA_CaseStudy.app */,
			);
			name = Products;
			sourceTree = "<group>";
		};
		58B485CC2ADE1FAE0084A849 /* TCA_CaseStudy */ = {
			isa = PBXGroup;
			children = (
				58B485CD2ADE1FAE0084A849 /* TCA_CaseStudyApp.swift */,
				58064BD92AE7A1DE00F57552 /* AnimationView.swift */,
				58064BDB2AE8A5F000F57552 /* EffectBasicView.swift */,
				58064BDD2AE8B0AB00F57552 /* FactClient.swift */,
				58064BDF2AE8D20500F57552 /* CancellationView.swift */,
				58064BE22AE8F46A00F57552 /* NavigatingView.swift */,
				58064BE72AEA20A600F57552 /* BasicPresentNaviView.swift */,
				58B485DB2ADE22320084A849 /* CounterCore.swift */,
				58B485DD2ADE22AA0084A849 /* CounterView.swift */,
				58B485E22ADE38760084A849 /* DoubleCounterView.swift */,
				580979CB2ADF5377009E1F81 /* BindingBasicView.swift */,
				580979CD2ADF99CA009E1F81 /* OptionalView.swift */,
				58B485D12ADE1FAF0084A849 /* Assets.xcassets */,
				585824BC2AE258520047DDD4 /* AlertDialogView.swift */,
				58064BD32AE6057300F57552 /* FocusView.swift */,
				58B485D32ADE1FAF0084A849 /* Preview Content */,
			);
			path = TCA_CaseStudy;
			sourceTree = "<group>";
		};
		58B485D32ADE1FAF0084A849 /* Preview Content */ = {
			isa = PBXGroup;
			children = (
				58B485D42ADE1FAF0084A849 /* Preview Assets.xcassets */,
			);
			path = "Preview Content";
			sourceTree = "<group>";
		};
/* End PBXGroup section */

/* Begin PBXNativeTarget section */
		58B485C92ADE1FAE0084A849 /* TCA_CaseStudy */ = {
			isa = PBXNativeTarget;
			buildConfigurationList = 58B485D82ADE1FAF0084A849 /* Build configuration list for PBXNativeTarget "TCA_CaseStudy" */;
			buildPhases = (
				58B485C62ADE1FAE0084A849 /* Sources */,
				58B485C72ADE1FAE0084A849 /* Frameworks */,
				58B485C82ADE1FAE0084A849 /* Resources */,
			);
			buildRules = (
			);
			dependencies = (
			);
			name = TCA_CaseStudy;
			packageProductDependencies = (
				58B485E02ADE23A30084A849 /* ComposableArchitecture */,
			);
			productName = TCA_CaseStudy;
			productReference = 58B485CA2ADE1FAE0084A849 /* TCA_CaseStudy.app */;
			productType = "com.apple.product-type.application";
		};
/* End PBXNativeTarget section */

/* Begin PBXProject section */
		58B485C22ADE1FAE0084A849 /* Project object */ = {
			isa = PBXProject;
			attributes = {
				BuildIndependentTargetsInParallel = 1;
				LastSwiftUpdateCheck = 1430;
				LastUpgradeCheck = 1430;
				TargetAttributes = {
					58B485C92ADE1FAE0084A849 = {
						CreatedOnToolsVersion = 14.3.1;
					};
				};
			};
			buildConfigurationList = 58B485C52ADE1FAE0084A849 /* Build configuration list for PBXProject "TCA_CaseStudy" */;
			compatibilityVersion = "Xcode 14.0";
			developmentRegion = en;
			hasScannedForEncodings = 0;
			knownRegions = (
				en,
				Base,
			);
			mainGroup = 58B485C12ADE1FAE0084A849;
			packageReferences = (
				58B485DF2ADE23A30084A849 /* XCRemoteSwiftPackageReference "swift-composable-architecture" */,
			);
			productRefGroup = 58B485CB2ADE1FAE0084A849 /* Products */;
			projectDirPath = "";
			projectRoot = "";
			targets = (
				58B485C92ADE1FAE0084A849 /* TCA_CaseStudy */,
			);
		};
/* End PBXProject section */

/* Begin PBXResourcesBuildPhase section */
		58B485C82ADE1FAE0084A849 /* Resources */ = {
			isa = PBXResourcesBuildPhase;
			buildActionMask = 2147483647;
			files = (
				58B485D52ADE1FAF0084A849 /* Preview Assets.xcassets in Resources */,
				58B485D22ADE1FAF0084A849 /* Assets.xcassets in Resources */,
			);
			runOnlyForDeploymentPostprocessing = 0;
		};
/* End PBXResourcesBuildPhase section */

/* Begin PBXSourcesBuildPhase section */
		58B485C62ADE1FAE0084A849 /* Sources */ = {
			isa = PBXSourcesBuildPhase;
			buildActionMask = 2147483647;
			files = (
				58064BE32AE8F46A00F57552 /* NavigatingView.swift in Sources */,
				58064BDE2AE8B0AB00F57552 /* FactClient.swift in Sources */,
				580979CE2ADF99CA009E1F81 /* OptionalView.swift in Sources */,
				58064BDA2AE7A1DE00F57552 /* AnimationView.swift in Sources */,
				58B485E32ADE38760084A849 /* DoubleCounterView.swift in Sources */,
				58064BD42AE6057300F57552 /* FocusView.swift in Sources */,
				58064BE02AE8D20500F57552 /* CancellationView.swift in Sources */,
				585824BD2AE258520047DDD4 /* AlertDialogView.swift in Sources */,
				580979CC2ADF5377009E1F81 /* BindingBasicView.swift in Sources */,
				58B485DC2ADE22320084A849 /* CounterCore.swift in Sources */,
				58B485CE2ADE1FAE0084A849 /* TCA_CaseStudyApp.swift in Sources */,
				58B485DE2ADE22AA0084A849 /* CounterView.swift in Sources */,
				58064BDC2AE8A5F000F57552 /* EffectBasicView.swift in Sources */,
				58064BE52AE8FC3F00F57552 /* BasicNaviView.swift in Sources */,
			);
			runOnlyForDeploymentPostprocessing = 0;
		};
/* End PBXSourcesBuildPhase section */

/* Begin XCBuildConfiguration section */
		58B485D62ADE1FAF0084A849 /* Debug */ = {
			isa = XCBuildConfiguration;
			buildSettings = {
				ALWAYS_SEARCH_USER_PATHS = NO;
				CLANG_ANALYZER_NONNULL = YES;
				CLANG_ANALYZER_NUMBER_OBJECT_CONVERSION = YES_AGGRESSIVE;
				CLANG_CXX_LANGUAGE_STANDARD = "gnu++20";
				CLANG_ENABLE_MODULES = YES;
				CLANG_ENABLE_OBJC_ARC = YES;
				CLANG_ENABLE_OBJC_WEAK = YES;
				CLANG_WARN_BLOCK_CAPTURE_AUTORELEASING = YES;
				CLANG_WARN_BOOL_CONVERSION = YES;
				CLANG_WARN_COMMA = YES;
				CLANG_WARN_CONSTANT_CONVERSION = YES;
				CLANG_WARN_DEPRECATED_OBJC_IMPLEMENTATIONS = YES;
				CLANG_WARN_DIRECT_OBJC_ISA_USAGE = YES_ERROR;
				CLANG_WARN_DOCUMENTATION_COMMENTS = YES;
				CLANG_WARN_EMPTY_BODY = YES;
				CLANG_WARN_ENUM_CONVERSION = YES;
				CLANG_WARN_INFINITE_RECURSION = YES;
				CLANG_WARN_INT_CONVERSION = YES;
				CLANG_WARN_NON_LITERAL_NULL_CONVERSION = YES;
				CLANG_WARN_OBJC_IMPLICIT_RETAIN_SELF = YES;
				CLANG_WARN_OBJC_LITERAL_CONVERSION = YES;
				CLANG_WARN_OBJC_ROOT_CLASS = YES_ERROR;
				CLANG_WARN_QUOTED_INCLUDE_IN_FRAMEWORK_HEADER = YES;
				CLANG_WARN_RANGE_LOOP_ANALYSIS = YES;
				CLANG_WARN_STRICT_PROTOTYPES = YES;
				CLANG_WARN_SUSPICIOUS_MOVE = YES;
				CLANG_WARN_UNGUARDED_AVAILABILITY = YES_AGGRESSIVE;
				CLANG_WARN_UNREACHABLE_CODE = YES;
				CLANG_WARN__DUPLICATE_METHOD_MATCH = YES;
				COPY_PHASE_STRIP = NO;
				DEBUG_INFORMATION_FORMAT = dwarf;
				ENABLE_STRICT_OBJC_MSGSEND = YES;
				ENABLE_TESTABILITY = YES;
				GCC_C_LANGUAGE_STANDARD = gnu11;
				GCC_DYNAMIC_NO_PIC = NO;
				GCC_NO_COMMON_BLOCKS = YES;
				GCC_OPTIMIZATION_LEVEL = 0;
				GCC_PREPROCESSOR_DEFINITIONS = (
					"DEBUG=1",
					"$(inherited)",
				);
				GCC_WARN_64_TO_32_BIT_CONVERSION = YES;
				GCC_WARN_ABOUT_RETURN_TYPE = YES_ERROR;
				GCC_WARN_UNDECLARED_SELECTOR = YES;
				GCC_WARN_UNINITIALIZED_AUTOS = YES_AGGRESSIVE;
				GCC_WARN_UNUSED_FUNCTION = YES;
				GCC_WARN_UNUSED_VARIABLE = YES;
				IPHONEOS_DEPLOYMENT_TARGET = 16.4;
				MTL_ENABLE_DEBUG_INFO = INCLUDE_SOURCE;
				MTL_FAST_MATH = YES;
				ONLY_ACTIVE_ARCH = YES;
				SDKROOT = iphoneos;
				SWIFT_ACTIVE_COMPILATION_CONDITIONS = DEBUG;
				SWIFT_OPTIMIZATION_LEVEL = "-Onone";
			};
			name = Debug;
		};
		58B485D72ADE1FAF0084A849 /* Release */ = {
			isa = XCBuildConfiguration;
			buildSettings = {
				ALWAYS_SEARCH_USER_PATHS = NO;
				CLANG_ANALYZER_NONNULL = YES;
				CLANG_ANALYZER_NUMBER_OBJECT_CONVERSION = YES_AGGRESSIVE;
				CLANG_CXX_LANGUAGE_STANDARD = "gnu++20";
				CLANG_ENABLE_MODULES = YES;
				CLANG_ENABLE_OBJC_ARC = YES;
				CLANG_ENABLE_OBJC_WEAK = YES;
				CLANG_WARN_BLOCK_CAPTURE_AUTORELEASING = YES;
				CLANG_WARN_BOOL_CONVERSION = YES;
				CLANG_WARN_COMMA = YES;
				CLANG_WARN_CONSTANT_CONVERSION = YES;
				CLANG_WARN_DEPRECATED_OBJC_IMPLEMENTATIONS = YES;
				CLANG_WARN_DIRECT_OBJC_ISA_USAGE = YES_ERROR;
				CLANG_WARN_DOCUMENTATION_COMMENTS = YES;
				CLANG_WARN_EMPTY_BODY = YES;
				CLANG_WARN_ENUM_CONVERSION = YES;
				CLANG_WARN_INFINITE_RECURSION = YES;
				CLANG_WARN_INT_CONVERSION = YES;
				CLANG_WARN_NON_LITERAL_NULL_CONVERSION = YES;
				CLANG_WARN_OBJC_IMPLICIT_RETAIN_SELF = YES;
				CLANG_WARN_OBJC_LITERAL_CONVERSION = YES;
				CLANG_WARN_OBJC_ROOT_CLASS = YES_ERROR;
				CLANG_WARN_QUOTED_INCLUDE_IN_FRAMEWORK_HEADER = YES;
				CLANG_WARN_RANGE_LOOP_ANALYSIS = YES;
				CLANG_WARN_STRICT_PROTOTYPES = YES;
				CLANG_WARN_SUSPICIOUS_MOVE = YES;
				CLANG_WARN_UNGUARDED_AVAILABILITY = YES_AGGRESSIVE;
				CLANG_WARN_UNREACHABLE_CODE = YES;
				CLANG_WARN__DUPLICATE_METHOD_MATCH = YES;
				COPY_PHASE_STRIP = NO;
				DEBUG_INFORMATION_FORMAT = "dwarf-with-dsym";
				ENABLE_NS_ASSERTIONS = NO;
				ENABLE_STRICT_OBJC_MSGSEND = YES;
				GCC_C_LANGUAGE_STANDARD = gnu11;
				GCC_NO_COMMON_BLOCKS = YES;
				GCC_WARN_64_TO_32_BIT_CONVERSION = YES;
				GCC_WARN_ABOUT_RETURN_TYPE = YES_ERROR;
				GCC_WARN_UNDECLARED_SELECTOR = YES;
				GCC_WARN_UNINITIALIZED_AUTOS = YES_AGGRESSIVE;
				GCC_WARN_UNUSED_FUNCTION = YES;
				GCC_WARN_UNUSED_VARIABLE = YES;
				IPHONEOS_DEPLOYMENT_TARGET = 16.4;
				MTL_ENABLE_DEBUG_INFO = NO;
				MTL_FAST_MATH = YES;
				SDKROOT = iphoneos;
				SWIFT_COMPILATION_MODE = wholemodule;
				SWIFT_OPTIMIZATION_LEVEL = "-O";
				VALIDATE_PRODUCT = YES;
			};
			name = Release;
		};
		58B485D92ADE1FAF0084A849 /* Debug */ = {
			isa = XCBuildConfiguration;
			buildSettings = {
				ASSETCATALOG_COMPILER_APPICON_NAME = AppIcon;
				ASSETCATALOG_COMPILER_GLOBAL_ACCENT_COLOR_NAME = AccentColor;
				CODE_SIGN_STYLE = Automatic;
				CURRENT_PROJECT_VERSION = 1;
				DEVELOPMENT_ASSET_PATHS = "\"TCA_CaseStudy/Preview Content\"";
				DEVELOPMENT_TEAM = MTDP4HFM7X;
				ENABLE_PREVIEWS = YES;
				GENERATE_INFOPLIST_FILE = YES;
				INFOPLIST_KEY_UIApplicationSceneManifest_Generation = YES;
				INFOPLIST_KEY_UIApplicationSupportsIndirectInputEvents = YES;
				INFOPLIST_KEY_UILaunchScreen_Generation = YES;
				INFOPLIST_KEY_UISupportedInterfaceOrientations_iPad = "UIInterfaceOrientationPortrait UIInterfaceOrientationPortraitUpsideDown UIInterfaceOrientationLandscapeLeft UIInterfaceOrientationLandscapeRight";
				INFOPLIST_KEY_UISupportedInterfaceOrientations_iPhone = "UIInterfaceOrientationPortrait UIInterfaceOrientationLandscapeLeft UIInterfaceOrientationLandscapeRight";
				LD_RUNPATH_SEARCH_PATHS = (
					"$(inherited)",
					"@executable_path/Frameworks",
				);
				MARKETING_VERSION = 1.0;
				PRODUCT_BUNDLE_IDENTIFIER = "test.TCA-CaseStudy";
				PRODUCT_NAME = "$(TARGET_NAME)";
				SWIFT_EMIT_LOC_STRINGS = YES;
				SWIFT_VERSION = 5.0;
				TARGETED_DEVICE_FAMILY = "1,2";
			};
			name = Debug;
		};
		58B485DA2ADE1FAF0084A849 /* Release */ = {
			isa = XCBuildConfiguration;
			buildSettings = {
				ASSETCATALOG_COMPILER_APPICON_NAME = AppIcon;
				ASSETCATALOG_COMPILER_GLOBAL_ACCENT_COLOR_NAME = AccentColor;
				CODE_SIGN_STYLE = Automatic;
				CURRENT_PROJECT_VERSION = 1;
				DEVELOPMENT_ASSET_PATHS = "\"TCA_CaseStudy/Preview Content\"";
				DEVELOPMENT_TEAM = MTDP4HFM7X;
				ENABLE_PREVIEWS = YES;
				GENERATE_INFOPLIST_FILE = YES;
				INFOPLIST_KEY_UIApplicationSceneManifest_Generation = YES;
				INFOPLIST_KEY_UIApplicationSupportsIndirectInputEvents = YES;
				INFOPLIST_KEY_UILaunchScreen_Generation = YES;
				INFOPLIST_KEY_UISupportedInterfaceOrientations_iPad = "UIInterfaceOrientationPortrait UIInterfaceOrientationPortraitUpsideDown UIInterfaceOrientationLandscapeLeft UIInterfaceOrientationLandscapeRight";
				INFOPLIST_KEY_UISupportedInterfaceOrientations_iPhone = "UIInterfaceOrientationPortrait UIInterfaceOrientationLandscapeLeft UIInterfaceOrientationLandscapeRight";
				LD_RUNPATH_SEARCH_PATHS = (
					"$(inherited)",
					"@executable_path/Frameworks",
				);
				MARKETING_VERSION = 1.0;
				PRODUCT_BUNDLE_IDENTIFIER = "test.TCA-CaseStudy";
				PRODUCT_NAME = "$(TARGET_NAME)";
				SWIFT_EMIT_LOC_STRINGS = YES;
				SWIFT_VERSION = 5.0;
				TARGETED_DEVICE_FAMILY = "1,2";
			};
			name = Release;
		};
/* End XCBuildConfiguration section */

/* Begin XCConfigurationList section */
		58B485C52ADE1FAE0084A849 /* Build configuration list for PBXProject "TCA_CaseStudy" */ = {
			isa = XCConfigurationList;
			buildConfigurations = (
				58B485D62ADE1FAF0084A849 /* Debug */,
				58B485D72ADE1FAF0084A849 /* Release */,
			);
			defaultConfigurationIsVisible = 0;
			defaultConfigurationName = Release;
		};
		58B485D82ADE1FAF0084A849 /* Build configuration list for PBXNativeTarget "TCA_CaseStudy" */ = {
			isa = XCConfigurationList;
			buildConfigurations = (
				58B485D92ADE1FAF0084A849 /* Debug */,
				58B485DA2ADE1FAF0084A849 /* Release */,
			);
			defaultConfigurationIsVisible = 0;
			defaultConfigurationName = Release;
		};
/* End XCConfigurationList section */

/* Begin XCRemoteSwiftPackageReference section */
		58B485DF2ADE23A30084A849 /* XCRemoteSwiftPackageReference "swift-composable-architecture" */ = {
			isa = XCRemoteSwiftPackageReference;
			repositoryURL = "https://github.com/pointfreeco/swift-composable-architecture";
			requirement = {
				kind = upToNextMajorVersion;
				minimumVersion = 1.0.0;
			};
		};
/* End XCRemoteSwiftPackageReference section */

/* Begin XCSwiftPackageProductDependency section */
		58B485E02ADE23A30084A849 /* ComposableArchitecture */ = {
			isa = XCSwiftPackageProductDependency;
			package = 58B485DF2ADE23A30084A849 /* XCRemoteSwiftPackageReference "swift-composable-architecture" */;
			productName = ComposableArchitecture;
		};
/* End XCSwiftPackageProductDependency section */
	};
	rootObject = 58B485C22ADE1FAE0084A849 /* Project object */;
}
