// !$*UTF8*$!
{
	archiveVersion = 1;
	classes = {
	};
	objectVersion = 56;
	objects = {

/* Begin PBXBuildFile section */
		58E1E6342A92DA7100877B66 /* LandmarkList.swift in Sources */ = {isa = PBXBuildFile; fileRef = 58E1E6332A92DA7100877B66 /* LandmarkList.swift */; };
		58E1E6362A92DB2900877B66 /* LandmarkDetail.swift in Sources */ = {isa = PBXBuildFile; fileRef = 58E1E6352A92DB2900877B66 /* LandmarkDetail.swift */; };
		58E1E6382A92E42800877B66 /* FavoriteButton.swift in Sources */ = {isa = PBXBuildFile; fileRef = 58E1E6372A92E42800877B66 /* FavoriteButton.swift */; };
		58E1E63C2A92E64A00877B66 /* HexagonParameters.swift in Sources */ = {isa = PBXBuildFile; fileRef = 58E1E63B2A92E64A00877B66 /* HexagonParameters.swift */; };
		58E1E63E2A92E70E00877B66 /* BadgeBackground.swift in Sources */ = {isa = PBXBuildFile; fileRef = 58E1E63D2A92E70E00877B66 /* BadgeBackground.swift */; };
		58E1E6402A92E9C100877B66 /* BadgeSymbol.swift in Sources */ = {isa = PBXBuildFile; fileRef = 58E1E63F2A92E9C100877B66 /* BadgeSymbol.swift */; };
		58E1E6422A92EA1C00877B66 /* RotatedBadgeSymbol.swift in Sources */ = {isa = PBXBuildFile; fileRef = 58E1E6412A92EA1C00877B66 /* RotatedBadgeSymbol.swift */; };
		58E1E6442A92EA4A00877B66 /* Badge.swift in Sources */ = {isa = PBXBuildFile; fileRef = 58E1E6432A92EA4A00877B66 /* Badge.swift */; };
		58E1E6472A92ECA400877B66 /* hikeData.json in Resources */ = {isa = PBXBuildFile; fileRef = 58E1E6462A92ECA400877B66 /* hikeData.json */; };
		58E1E6492A92ECB400877B66 /* Hike.swift in Sources */ = {isa = PBXBuildFile; fileRef = 58E1E6482A92ECB400877B66 /* Hike.swift */; };
		58E1E64B2A92ED8000877B66 /* HikeView.swift in Sources */ = {isa = PBXBuildFile; fileRef = 58E1E64A2A92ED8000877B66 /* HikeView.swift */; };
		58E1E64D2A92EE0400877B66 /* HikeGraph.swift in Sources */ = {isa = PBXBuildFile; fileRef = 58E1E64C2A92EE0400877B66 /* HikeGraph.swift */; };
		58E1E64F2A92EFB400877B66 /* HikeDetail.swift in Sources */ = {isa = PBXBuildFile; fileRef = 58E1E64E2A92EFB400877B66 /* HikeDetail.swift */; };
		58E1E6522A92F0A300877B66 /* CategoryHome.swift in Sources */ = {isa = PBXBuildFile; fileRef = 58E1E6512A92F0A300877B66 /* CategoryHome.swift */; };
		58E1E6552A92F58B00877B66 /* CategoryRow.swift in Sources */ = {isa = PBXBuildFile; fileRef = 58E1E6542A92F58B00877B66 /* CategoryRow.swift */; };
		58E1E6572A92F6E800877B66 /* CategoryItem.swift in Sources */ = {isa = PBXBuildFile; fileRef = 58E1E6562A92F6E800877B66 /* CategoryItem.swift */; };
		58E1E6592A9302D200877B66 /* GraphCapsule.swift in Sources */ = {isa = PBXBuildFile; fileRef = 58E1E6582A9302D200877B66 /* GraphCapsule.swift */; };
		58E1E65D2A9319AD00877B66 /* Profile.swift in Sources */ = {isa = PBXBuildFile; fileRef = 58E1E65C2A9319AD00877B66 /* Profile.swift */; };
		58E1E65F2A931A9100877B66 /* ProfileHost.swift in Sources */ = {isa = PBXBuildFile; fileRef = 58E1E65E2A931A9100877B66 /* ProfileHost.swift */; };
		58E1E6612A931ACF00877B66 /* ProfileSummary.swift in Sources */ = {isa = PBXBuildFile; fileRef = 58E1E6602A931ACF00877B66 /* ProfileSummary.swift */; };
		58E1E6642A931BDA00877B66 /* HikeBadge.swift in Sources */ = {isa = PBXBuildFile; fileRef = 58E1E6632A931BDA00877B66 /* HikeBadge.swift */; };
		58E1E6662A93208400877B66 /* ProfileEditor.swift in Sources */ = {isa = PBXBuildFile; fileRef = 58E1E6652A93208400877B66 /* ProfileEditor.swift */; };
		58FB79412A92D2B0009C3ED1 /* LandMark_TutorialApp.swift in Sources */ = {isa = PBXBuildFile; fileRef = 58FB79402A92D2B0009C3ED1 /* LandMark_TutorialApp.swift */; };
		58FB79432A92D2B0009C3ED1 /* ContentView.swift in Sources */ = {isa = PBXBuildFile; fileRef = 58FB79422A92D2B0009C3ED1 /* ContentView.swift */; };
		58FB79452A92D2B1009C3ED1 /* Assets.xcassets in Resources */ = {isa = PBXBuildFile; fileRef = 58FB79442A92D2B1009C3ED1 /* Assets.xcassets */; };
		58FB79482A92D2B1009C3ED1 /* Preview Assets.xcassets in Resources */ = {isa = PBXBuildFile; fileRef = 58FB79472A92D2B1009C3ED1 /* Preview Assets.xcassets */; };
		58FB794F2A92D42E009C3ED1 /* CircleImage.swift in Sources */ = {isa = PBXBuildFile; fileRef = 58FB794E2A92D42E009C3ED1 /* CircleImage.swift */; };
		58FB79512A92D48F009C3ED1 /* MapView.swift in Sources */ = {isa = PBXBuildFile; fileRef = 58FB79502A92D48F009C3ED1 /* MapView.swift */; };
		58FB79532A92D6AA009C3ED1 /* landmarkData.json in Resources */ = {isa = PBXBuildFile; fileRef = 58FB79522A92D6AA009C3ED1 /* landmarkData.json */; };
		58FB79552A92D6B6009C3ED1 /* LandMark.swift in Sources */ = {isa = PBXBuildFile; fileRef = 58FB79542A92D6B6009C3ED1 /* LandMark.swift */; };
		58FB79572A92D7BB009C3ED1 /* ModelData.swift in Sources */ = {isa = PBXBuildFile; fileRef = 58FB79562A92D7BB009C3ED1 /* ModelData.swift */; };
		58FB795C2A92D909009C3ED1 /* LandMarkRow.swift in Sources */ = {isa = PBXBuildFile; fileRef = 58FB795B2A92D909009C3ED1 /* LandMarkRow.swift */; };
/* End PBXBuildFile section */

/* Begin PBXFileReference section */
		58E1E6332A92DA7100877B66 /* LandmarkList.swift */ = {isa = PBXFileReference; lastKnownFileType = sourcecode.swift; path = LandmarkList.swift; sourceTree = "<group>"; };
		58E1E6352A92DB2900877B66 /* LandmarkDetail.swift */ = {isa = PBXFileReference; lastKnownFileType = sourcecode.swift; path = LandmarkDetail.swift; sourceTree = "<group>"; };
		58E1E6372A92E42800877B66 /* FavoriteButton.swift */ = {isa = PBXFileReference; lastKnownFileType = sourcecode.swift; path = FavoriteButton.swift; sourceTree = "<group>"; };
		58E1E63B2A92E64A00877B66 /* HexagonParameters.swift */ = {isa = PBXFileReference; lastKnownFileType = sourcecode.swift; path = HexagonParameters.swift; sourceTree = "<group>"; };
		58E1E63D2A92E70E00877B66 /* BadgeBackground.swift */ = {isa = PBXFileReference; lastKnownFileType = sourcecode.swift; path = BadgeBackground.swift; sourceTree = "<group>"; };
		58E1E63F2A92E9C100877B66 /* BadgeSymbol.swift */ = {isa = PBXFileReference; lastKnownFileType = sourcecode.swift; path = BadgeSymbol.swift; sourceTree = "<group>"; };
		58E1E6412A92EA1C00877B66 /* RotatedBadgeSymbol.swift */ = {isa = PBXFileReference; lastKnownFileType = sourcecode.swift; path = RotatedBadgeSymbol.swift; sourceTree = "<group>"; };
		58E1E6432A92EA4A00877B66 /* Badge.swift */ = {isa = PBXFileReference; lastKnownFileType = sourcecode.swift; path = Badge.swift; sourceTree = "<group>"; };
		58E1E6462A92ECA400877B66 /* hikeData.json */ = {isa = PBXFileReference; fileEncoding = 4; lastKnownFileType = text.json; path = hikeData.json; sourceTree = "<group>"; };
		58E1E6482A92ECB400877B66 /* Hike.swift */ = {isa = PBXFileReference; lastKnownFileType = sourcecode.swift; path = Hike.swift; sourceTree = "<group>"; };
		58E1E64A2A92ED8000877B66 /* HikeView.swift */ = {isa = PBXFileReference; lastKnownFileType = sourcecode.swift; path = HikeView.swift; sourceTree = "<group>"; };
		58E1E64C2A92EE0400877B66 /* HikeGraph.swift */ = {isa = PBXFileReference; fileEncoding = 4; lastKnownFileType = sourcecode.swift; path = HikeGraph.swift; sourceTree = "<group>"; };
		58E1E64E2A92EFB400877B66 /* HikeDetail.swift */ = {isa = PBXFileReference; fileEncoding = 4; lastKnownFileType = sourcecode.swift; path = HikeDetail.swift; sourceTree = "<group>"; };
		58E1E6512A92F0A300877B66 /* CategoryHome.swift */ = {isa = PBXFileReference; lastKnownFileType = sourcecode.swift; path = CategoryHome.swift; sourceTree = "<group>"; };
		58E1E6542A92F58B00877B66 /* CategoryRow.swift */ = {isa = PBXFileReference; lastKnownFileType = sourcecode.swift; path = CategoryRow.swift; sourceTree = "<group>"; };
		58E1E6562A92F6E800877B66 /* CategoryItem.swift */ = {isa = PBXFileReference; lastKnownFileType = sourcecode.swift; path = CategoryItem.swift; sourceTree = "<group>"; };
		58E1E6582A9302D200877B66 /* GraphCapsule.swift */ = {isa = PBXFileReference; fileEncoding = 4; lastKnownFileType = sourcecode.swift; path = GraphCapsule.swift; sourceTree = "<group>"; };
		58E1E65C2A9319AD00877B66 /* Profile.swift */ = {isa = PBXFileReference; lastKnownFileType = sourcecode.swift; path = Profile.swift; sourceTree = "<group>"; };
		58E1E65E2A931A9100877B66 /* ProfileHost.swift */ = {isa = PBXFileReference; lastKnownFileType = sourcecode.swift; path = ProfileHost.swift; sourceTree = "<group>"; };
		58E1E6602A931ACF00877B66 /* ProfileSummary.swift */ = {isa = PBXFileReference; lastKnownFileType = sourcecode.swift; path = ProfileSummary.swift; sourceTree = "<group>"; };
		58E1E6632A931BDA00877B66 /* HikeBadge.swift */ = {isa = PBXFileReference; lastKnownFileType = sourcecode.swift; path = HikeBadge.swift; sourceTree = "<group>"; };
		58E1E6652A93208400877B66 /* ProfileEditor.swift */ = {isa = PBXFileReference; lastKnownFileType = sourcecode.swift; path = ProfileEditor.swift; sourceTree = "<group>"; };
		58FB793D2A92D2B0009C3ED1 /* LandMark_Tutorial.app */ = {isa = PBXFileReference; explicitFileType = wrapper.application; includeInIndex = 0; path = LandMark_Tutorial.app; sourceTree = BUILT_PRODUCTS_DIR; };
		58FB79402A92D2B0009C3ED1 /* LandMark_TutorialApp.swift */ = {isa = PBXFileReference; lastKnownFileType = sourcecode.swift; path = LandMark_TutorialApp.swift; sourceTree = "<group>"; };
		58FB79422A92D2B0009C3ED1 /* ContentView.swift */ = {isa = PBXFileReference; lastKnownFileType = sourcecode.swift; path = ContentView.swift; sourceTree = "<group>"; };
		58FB79442A92D2B1009C3ED1 /* Assets.xcassets */ = {isa = PBXFileReference; lastKnownFileType = folder.assetcatalog; path = Assets.xcassets; sourceTree = "<group>"; };
		58FB79472A92D2B1009C3ED1 /* Preview Assets.xcassets */ = {isa = PBXFileReference; lastKnownFileType = folder.assetcatalog; path = "Preview Assets.xcassets"; sourceTree = "<group>"; };
		58FB794E2A92D42E009C3ED1 /* CircleImage.swift */ = {isa = PBXFileReference; lastKnownFileType = sourcecode.swift; path = CircleImage.swift; sourceTree = "<group>"; };
		58FB79502A92D48F009C3ED1 /* MapView.swift */ = {isa = PBXFileReference; lastKnownFileType = sourcecode.swift; path = MapView.swift; sourceTree = "<group>"; };
		58FB79522A92D6AA009C3ED1 /* landmarkData.json */ = {isa = PBXFileReference; fileEncoding = 4; lastKnownFileType = text.json; path = landmarkData.json; sourceTree = "<group>"; };
		58FB79542A92D6B6009C3ED1 /* LandMark.swift */ = {isa = PBXFileReference; lastKnownFileType = sourcecode.swift; path = LandMark.swift; sourceTree = "<group>"; };
		58FB79562A92D7BB009C3ED1 /* ModelData.swift */ = {isa = PBXFileReference; lastKnownFileType = sourcecode.swift; path = ModelData.swift; sourceTree = "<group>"; };
		58FB795B2A92D909009C3ED1 /* LandMarkRow.swift */ = {isa = PBXFileReference; lastKnownFileType = sourcecode.swift; path = LandMarkRow.swift; sourceTree = "<group>"; };
/* End PBXFileReference section */

/* Begin PBXFrameworksBuildPhase section */
		58FB793A2A92D2B0009C3ED1 /* Frameworks */ = {
			isa = PBXFrameworksBuildPhase;
			buildActionMask = 2147483647;
			files = (
			);
			runOnlyForDeploymentPostprocessing = 0;
		};
/* End PBXFrameworksBuildPhase section */

/* Begin PBXGroup section */
		58E1E6392A92E4A600877B66 /* Helpers */ = {
			isa = PBXGroup;
			children = (
				58E1E6372A92E42800877B66 /* FavoriteButton.swift */,
				58FB794E2A92D42E009C3ED1 /* CircleImage.swift */,
				58FB79502A92D48F009C3ED1 /* MapView.swift */,
			);
			path = Helpers;
			sourceTree = "<group>";
		};
		58E1E63A2A92E4B600877B66 /* Landmarks */ = {
			isa = PBXGroup;
			children = (
				58FB795B2A92D909009C3ED1 /* LandMarkRow.swift */,
				58E1E6332A92DA7100877B66 /* LandmarkList.swift */,
				58E1E6352A92DB2900877B66 /* LandmarkDetail.swift */,
			);
			path = Landmarks;
			sourceTree = "<group>";
		};
		58E1E6452A92EB8200877B66 /* Badges */ = {
			isa = PBXGroup;
			children = (
				58E1E6432A92EA4A00877B66 /* Badge.swift */,
				58E1E63F2A92E9C100877B66 /* BadgeSymbol.swift */,
				58E1E6412A92EA1C00877B66 /* RotatedBadgeSymbol.swift */,
				58E1E63B2A92E64A00877B66 /* HexagonParameters.swift */,
				58E1E63D2A92E70E00877B66 /* BadgeBackground.swift */,
			);
			path = Badges;
			sourceTree = "<group>";
		};
		58E1E6502A92EFDF00877B66 /* Hike */ = {
			isa = PBXGroup;
			children = (
				58E1E6582A9302D200877B66 /* GraphCapsule.swift */,
				58E1E64C2A92EE0400877B66 /* HikeGraph.swift */,
				58E1E64A2A92ED8000877B66 /* HikeView.swift */,
				58E1E64E2A92EFB400877B66 /* HikeDetail.swift */,
				58E1E6632A931BDA00877B66 /* HikeBadge.swift */,
			);
			path = Hike;
			sourceTree = "<group>";
		};
		58E1E6532A92F0AD00877B66 /* Categories */ = {
			isa = PBXGroup;
			children = (
				58E1E6512A92F0A300877B66 /* CategoryHome.swift */,
				58E1E6542A92F58B00877B66 /* CategoryRow.swift */,
				58E1E6562A92F6E800877B66 /* CategoryItem.swift */,
			);
			path = Categories;
			sourceTree = "<group>";
		};
		58E1E6622A931AD300877B66 /* Profile */ = {
			isa = PBXGroup;
			children = (
				58E1E65E2A931A9100877B66 /* ProfileHost.swift */,
				58E1E6652A93208400877B66 /* ProfileEditor.swift */,
				58E1E6602A931ACF00877B66 /* ProfileSummary.swift */,
			);
			path = Profile;
			sourceTree = "<group>";
		};
		58FB79342A92D2B0009C3ED1 = {
			isa = PBXGroup;
			children = (
				58FB793F2A92D2B0009C3ED1 /* LandMark_Tutorial */,
				58FB793E2A92D2B0009C3ED1 /* Products */,
			);
			sourceTree = "<group>";
		};
		58FB793E2A92D2B0009C3ED1 /* Products */ = {
			isa = PBXGroup;
			children = (
				58FB793D2A92D2B0009C3ED1 /* LandMark_Tutorial.app */,
			);
			name = Products;
			sourceTree = "<group>";
		};
		58FB793F2A92D2B0009C3ED1 /* LandMark_Tutorial */ = {
			isa = PBXGroup;
			children = (
				58FB79402A92D2B0009C3ED1 /* LandMark_TutorialApp.swift */,
				58FB79582A92D8B3009C3ED1 /* Model */,
				58FB79592A92D8C5009C3ED1 /* Views */,
				58FB795A2A92D8CD009C3ED1 /* Resources */,
				58FB79442A92D2B1009C3ED1 /* Assets.xcassets */,
				58FB79462A92D2B1009C3ED1 /* Preview Content */,
			);
			path = LandMark_Tutorial;
			sourceTree = "<group>";
		};
		58FB79462A92D2B1009C3ED1 /* Preview Content */ = {
			isa = PBXGroup;
			children = (
				58FB79472A92D2B1009C3ED1 /* Preview Assets.xcassets */,
			);
			path = "Preview Content";
			sourceTree = "<group>";
		};
		58FB79582A92D8B3009C3ED1 /* Model */ = {
			isa = PBXGroup;
			children = (
				58FB79542A92D6B6009C3ED1 /* LandMark.swift */,
				58E1E65C2A9319AD00877B66 /* Profile.swift */,
				58E1E6482A92ECB400877B66 /* Hike.swift */,
				58FB79562A92D7BB009C3ED1 /* ModelData.swift */,
			);
			path = Model;
			sourceTree = "<group>";
		};
		58FB79592A92D8C5009C3ED1 /* Views */ = {
			isa = PBXGroup;
			children = (
				58FB79422A92D2B0009C3ED1 /* ContentView.swift */,
				58E1E6532A92F0AD00877B66 /* Categories */,
				58E1E6502A92EFDF00877B66 /* Hike */,
				58E1E6452A92EB8200877B66 /* Badges */,
				58E1E63A2A92E4B600877B66 /* Landmarks */,
				58E1E6392A92E4A600877B66 /* Helpers */,
				58E1E6622A931AD300877B66 /* Profile */,
			);
			path = Views;
			sourceTree = "<group>";
		};
		58FB795A2A92D8CD009C3ED1 /* Resources */ = {
			isa = PBXGroup;
			children = (
				58FB79522A92D6AA009C3ED1 /* landmarkData.json */,
				58E1E6462A92ECA400877B66 /* hikeData.json */,
			);
			path = Resources;
			sourceTree = "<group>";
		};
/* End PBXGroup section */

/* Begin PBXNativeTarget section */
		58FB793C2A92D2B0009C3ED1 /* LandMark_Tutorial */ = {
			isa = PBXNativeTarget;
			buildConfigurationList = 58FB794B2A92D2B1009C3ED1 /* Build configuration list for PBXNativeTarget "LandMark_Tutorial" */;
			buildPhases = (
				58FB79392A92D2B0009C3ED1 /* Sources */,
				58FB793A2A92D2B0009C3ED1 /* Frameworks */,
				58FB793B2A92D2B0009C3ED1 /* Resources */,
			);
			buildRules = (
			);
			dependencies = (
			);
			name = LandMark_Tutorial;
			productName = LandMark_Tutorial;
			productReference = 58FB793D2A92D2B0009C3ED1 /* LandMark_Tutorial.app */;
			productType = "com.apple.product-type.application";
		};
/* End PBXNativeTarget section */

/* Begin PBXProject section */
		58FB79352A92D2B0009C3ED1 /* Project object */ = {
			isa = PBXProject;
			attributes = {
				BuildIndependentTargetsInParallel = 1;
				LastSwiftUpdateCheck = 1430;
				LastUpgradeCheck = 1430;
				TargetAttributes = {
					58FB793C2A92D2B0009C3ED1 = {
						CreatedOnToolsVersion = 14.3.1;
					};
				};
			};
			buildConfigurationList = 58FB79382A92D2B0009C3ED1 /* Build configuration list for PBXProject "LandMark_Tutorial" */;
			compatibilityVersion = "Xcode 14.0";
			developmentRegion = en;
			hasScannedForEncodings = 0;
			knownRegions = (
				en,
				Base,
			);
			mainGroup = 58FB79342A92D2B0009C3ED1;
			productRefGroup = 58FB793E2A92D2B0009C3ED1 /* Products */;
			projectDirPath = "";
			projectRoot = "";
			targets = (
				58FB793C2A92D2B0009C3ED1 /* LandMark_Tutorial */,
			);
		};
/* End PBXProject section */

/* Begin PBXResourcesBuildPhase section */
		58FB793B2A92D2B0009C3ED1 /* Resources */ = {
			isa = PBXResourcesBuildPhase;
			buildActionMask = 2147483647;
			files = (
				58E1E6472A92ECA400877B66 /* hikeData.json in Resources */,
				58FB79482A92D2B1009C3ED1 /* Preview Assets.xcassets in Resources */,
				58FB79452A92D2B1009C3ED1 /* Assets.xcassets in Resources */,
				58FB79532A92D6AA009C3ED1 /* landmarkData.json in Resources */,
			);
			runOnlyForDeploymentPostprocessing = 0;
		};
/* End PBXResourcesBuildPhase section */

/* Begin PBXSourcesBuildPhase section */
		58FB79392A92D2B0009C3ED1 /* Sources */ = {
			isa = PBXSourcesBuildPhase;
			buildActionMask = 2147483647;
			files = (
				58FB79432A92D2B0009C3ED1 /* ContentView.swift in Sources */,
				58E1E65D2A9319AD00877B66 /* Profile.swift in Sources */,
				58E1E64D2A92EE0400877B66 /* HikeGraph.swift in Sources */,
				58E1E6442A92EA4A00877B66 /* Badge.swift in Sources */,
				58FB795C2A92D909009C3ED1 /* LandMarkRow.swift in Sources */,
				58E1E6552A92F58B00877B66 /* CategoryRow.swift in Sources */,
				58E1E6522A92F0A300877B66 /* CategoryHome.swift in Sources */,
				58E1E6592A9302D200877B66 /* GraphCapsule.swift in Sources */,
				58FB79552A92D6B6009C3ED1 /* LandMark.swift in Sources */,
				58E1E6382A92E42800877B66 /* FavoriteButton.swift in Sources */,
				58E1E64B2A92ED8000877B66 /* HikeView.swift in Sources */,
				58E1E64F2A92EFB400877B66 /* HikeDetail.swift in Sources */,
				58E1E6612A931ACF00877B66 /* ProfileSummary.swift in Sources */,
				58E1E63C2A92E64A00877B66 /* HexagonParameters.swift in Sources */,
				58E1E65F2A931A9100877B66 /* ProfileHost.swift in Sources */,
				58E1E6492A92ECB400877B66 /* Hike.swift in Sources */,
				58E1E6422A92EA1C00877B66 /* RotatedBadgeSymbol.swift in Sources */,
				58E1E6402A92E9C100877B66 /* BadgeSymbol.swift in Sources */,
				58E1E6662A93208400877B66 /* ProfileEditor.swift in Sources */,
				58E1E6342A92DA7100877B66 /* LandmarkList.swift in Sources */,
				58E1E6362A92DB2900877B66 /* LandmarkDetail.swift in Sources */,
				58E1E63E2A92E70E00877B66 /* BadgeBackground.swift in Sources */,
				58FB79512A92D48F009C3ED1 /* MapView.swift in Sources */,
				58E1E6642A931BDA00877B66 /* HikeBadge.swift in Sources */,
				58FB79412A92D2B0009C3ED1 /* LandMark_TutorialApp.swift in Sources */,
				58FB794F2A92D42E009C3ED1 /* CircleImage.swift in Sources */,
				58E1E6572A92F6E800877B66 /* CategoryItem.swift in Sources */,
				58FB79572A92D7BB009C3ED1 /* ModelData.swift in Sources */,
			);
			runOnlyForDeploymentPostprocessing = 0;
		};
/* End PBXSourcesBuildPhase section */

/* Begin XCBuildConfiguration section */
		58FB79492A92D2B1009C3ED1 /* Debug */ = {
			isa = XCBuildConfiguration;
			buildSettings = {
				ALWAYS_SEARCH_USER_PATHS = NO;
				CLANG_ANALYZER_NONNULL = YES;
				CLANG_ANALYZER_NUMBER_OBJECT_CONVERSION = YES_AGGRESSIVE;
				CLANG_CXX_LANGUAGE_STANDARD = "gnu++20";
				CLANG_ENABLE_MODULES = YES;
				CLANG_ENABLE_OBJC_ARC = YES;
				CLANG_ENABLE_OBJC_WEAK = YES;
				CLANG_WARN_BLOCK_CAPTURE_AUTORELEASING = YES;
				CLANG_WARN_BOOL_CONVERSION = YES;
				CLANG_WARN_COMMA = YES;
				CLANG_WARN_CONSTANT_CONVERSION = YES;
				CLANG_WARN_DEPRECATED_OBJC_IMPLEMENTATIONS = YES;
				CLANG_WARN_DIRECT_OBJC_ISA_USAGE = YES_ERROR;
				CLANG_WARN_DOCUMENTATION_COMMENTS = YES;
				CLANG_WARN_EMPTY_BODY = YES;
				CLANG_WARN_ENUM_CONVERSION = YES;
				CLANG_WARN_INFINITE_RECURSION = YES;
				CLANG_WARN_INT_CONVERSION = YES;
				CLANG_WARN_NON_LITERAL_NULL_CONVERSION = YES;
				CLANG_WARN_OBJC_IMPLICIT_RETAIN_SELF = YES;
				CLANG_WARN_OBJC_LITERAL_CONVERSION = YES;
				CLANG_WARN_OBJC_ROOT_CLASS = YES_ERROR;
				CLANG_WARN_QUOTED_INCLUDE_IN_FRAMEWORK_HEADER = YES;
				CLANG_WARN_RANGE_LOOP_ANALYSIS = YES;
				CLANG_WARN_STRICT_PROTOTYPES = YES;
				CLANG_WARN_SUSPICIOUS_MOVE = YES;
				CLANG_WARN_UNGUARDED_AVAILABILITY = YES_AGGRESSIVE;
				CLANG_WARN_UNREACHABLE_CODE = YES;
				CLANG_WARN__DUPLICATE_METHOD_MATCH = YES;
				COPY_PHASE_STRIP = NO;
				DEBUG_INFORMATION_FORMAT = dwarf;
				ENABLE_STRICT_OBJC_MSGSEND = YES;
				ENABLE_TESTABILITY = YES;
				GCC_C_LANGUAGE_STANDARD = gnu11;
				GCC_DYNAMIC_NO_PIC = NO;
				GCC_NO_COMMON_BLOCKS = YES;
				GCC_OPTIMIZATION_LEVEL = 0;
				GCC_PREPROCESSOR_DEFINITIONS = (
					"DEBUG=1",
					"$(inherited)",
				);
				GCC_WARN_64_TO_32_BIT_CONVERSION = YES;
				GCC_WARN_ABOUT_RETURN_TYPE = YES_ERROR;
				GCC_WARN_UNDECLARED_SELECTOR = YES;
				GCC_WARN_UNINITIALIZED_AUTOS = YES_AGGRESSIVE;
				GCC_WARN_UNUSED_FUNCTION = YES;
				GCC_WARN_UNUSED_VARIABLE = YES;
				IPHONEOS_DEPLOYMENT_TARGET = 16.4;
				MTL_ENABLE_DEBUG_INFO = INCLUDE_SOURCE;
				MTL_FAST_MATH = YES;
				ONLY_ACTIVE_ARCH = YES;
				SDKROOT = iphoneos;
				SWIFT_ACTIVE_COMPILATION_CONDITIONS = DEBUG;
				SWIFT_OPTIMIZATION_LEVEL = "-Onone";
			};
			name = Debug;
		};
		58FB794A2A92D2B1009C3ED1 /* Release */ = {
			isa = XCBuildConfiguration;
			buildSettings = {
				ALWAYS_SEARCH_USER_PATHS = NO;
				CLANG_ANALYZER_NONNULL = YES;
				CLANG_ANALYZER_NUMBER_OBJECT_CONVERSION = YES_AGGRESSIVE;
				CLANG_CXX_LANGUAGE_STANDARD = "gnu++20";
				CLANG_ENABLE_MODULES = YES;
				CLANG_ENABLE_OBJC_ARC = YES;
				CLANG_ENABLE_OBJC_WEAK = YES;
				CLANG_WARN_BLOCK_CAPTURE_AUTORELEASING = YES;
				CLANG_WARN_BOOL_CONVERSION = YES;
				CLANG_WARN_COMMA = YES;
				CLANG_WARN_CONSTANT_CONVERSION = YES;
				CLANG_WARN_DEPRECATED_OBJC_IMPLEMENTATIONS = YES;
				CLANG_WARN_DIRECT_OBJC_ISA_USAGE = YES_ERROR;
				CLANG_WARN_DOCUMENTATION_COMMENTS = YES;
				CLANG_WARN_EMPTY_BODY = YES;
				CLANG_WARN_ENUM_CONVERSION = YES;
				CLANG_WARN_INFINITE_RECURSION = YES;
				CLANG_WARN_INT_CONVERSION = YES;
				CLANG_WARN_NON_LITERAL_NULL_CONVERSION = YES;
				CLANG_WARN_OBJC_IMPLICIT_RETAIN_SELF = YES;
				CLANG_WARN_OBJC_LITERAL_CONVERSION = YES;
				CLANG_WARN_OBJC_ROOT_CLASS = YES_ERROR;
				CLANG_WARN_QUOTED_INCLUDE_IN_FRAMEWORK_HEADER = YES;
				CLANG_WARN_RANGE_LOOP_ANALYSIS = YES;
				CLANG_WARN_STRICT_PROTOTYPES = YES;
				CLANG_WARN_SUSPICIOUS_MOVE = YES;
				CLANG_WARN_UNGUARDED_AVAILABILITY = YES_AGGRESSIVE;
				CLANG_WARN_UNREACHABLE_CODE = YES;
				CLANG_WARN__DUPLICATE_METHOD_MATCH = YES;
				COPY_PHASE_STRIP = NO;
				DEBUG_INFORMATION_FORMAT = "dwarf-with-dsym";
				ENABLE_NS_ASSERTIONS = NO;
				ENABLE_STRICT_OBJC_MSGSEND = YES;
				GCC_C_LANGUAGE_STANDARD = gnu11;
				GCC_NO_COMMON_BLOCKS = YES;
				GCC_WARN_64_TO_32_BIT_CONVERSION = YES;
				GCC_WARN_ABOUT_RETURN_TYPE = YES_ERROR;
				GCC_WARN_UNDECLARED_SELECTOR = YES;
				GCC_WARN_UNINITIALIZED_AUTOS = YES_AGGRESSIVE;
				GCC_WARN_UNUSED_FUNCTION = YES;
				GCC_WARN_UNUSED_VARIABLE = YES;
				IPHONEOS_DEPLOYMENT_TARGET = 16.4;
				MTL_ENABLE_DEBUG_INFO = NO;
				MTL_FAST_MATH = YES;
				SDKROOT = iphoneos;
				SWIFT_COMPILATION_MODE = wholemodule;
				SWIFT_OPTIMIZATION_LEVEL = "-O";
				VALIDATE_PRODUCT = YES;
			};
			name = Release;
		};
		58FB794C2A92D2B1009C3ED1 /* Debug */ = {
			isa = XCBuildConfiguration;
			buildSettings = {
				ASSETCATALOG_COMPILER_APPICON_NAME = AppIcon;
				ASSETCATALOG_COMPILER_GLOBAL_ACCENT_COLOR_NAME = AccentColor;
				CODE_SIGN_STYLE = Automatic;
				CURRENT_PROJECT_VERSION = 1;
				DEVELOPMENT_ASSET_PATHS = "\"LandMark_Tutorial/Preview Content\"";
				DEVELOPMENT_TEAM = MTDP4HFM7X;
				ENABLE_PREVIEWS = YES;
				GENERATE_INFOPLIST_FILE = YES;
				INFOPLIST_KEY_UIApplicationSceneManifest_Generation = YES;
				INFOPLIST_KEY_UIApplicationSupportsIndirectInputEvents = YES;
				INFOPLIST_KEY_UILaunchScreen_Generation = YES;
				INFOPLIST_KEY_UISupportedInterfaceOrientations_iPad = "UIInterfaceOrientationPortrait UIInterfaceOrientationPortraitUpsideDown UIInterfaceOrientationLandscapeLeft UIInterfaceOrientationLandscapeRight";
				INFOPLIST_KEY_UISupportedInterfaceOrientations_iPhone = "UIInterfaceOrientationPortrait UIInterfaceOrientationLandscapeLeft UIInterfaceOrientationLandscapeRight";
				LD_RUNPATH_SEARCH_PATHS = (
					"$(inherited)",
					"@executable_path/Frameworks",
				);
				MARKETING_VERSION = 1.0;
				PRODUCT_BUNDLE_IDENTIFIER = "test.LandMark-Tutorial";
				PRODUCT_NAME = "$(TARGET_NAME)";
				SWIFT_EMIT_LOC_STRINGS = YES;
				SWIFT_VERSION = 5.0;
				TARGETED_DEVICE_FAMILY = "1,2";
			};
			name = Debug;
		};
		58FB794D2A92D2B1009C3ED1 /* Release */ = {
			isa = XCBuildConfiguration;
			buildSettings = {
				ASSETCATALOG_COMPILER_APPICON_NAME = AppIcon;
				ASSETCATALOG_COMPILER_GLOBAL_ACCENT_COLOR_NAME = AccentColor;
				CODE_SIGN_STYLE = Automatic;
				CURRENT_PROJECT_VERSION = 1;
				DEVELOPMENT_ASSET_PATHS = "\"LandMark_Tutorial/Preview Content\"";
				DEVELOPMENT_TEAM = MTDP4HFM7X;
				ENABLE_PREVIEWS = YES;
				GENERATE_INFOPLIST_FILE = YES;
				INFOPLIST_KEY_UIApplicationSceneManifest_Generation = YES;
				INFOPLIST_KEY_UIApplicationSupportsIndirectInputEvents = YES;
				INFOPLIST_KEY_UILaunchScreen_Generation = YES;
				INFOPLIST_KEY_UISupportedInterfaceOrientations_iPad = "UIInterfaceOrientationPortrait UIInterfaceOrientationPortraitUpsideDown UIInterfaceOrientationLandscapeLeft UIInterfaceOrientationLandscapeRight";
				INFOPLIST_KEY_UISupportedInterfaceOrientations_iPhone = "UIInterfaceOrientationPortrait UIInterfaceOrientationLandscapeLeft UIInterfaceOrientationLandscapeRight";
				LD_RUNPATH_SEARCH_PATHS = (
					"$(inherited)",
					"@executable_path/Frameworks",
				);
				MARKETING_VERSION = 1.0;
				PRODUCT_BUNDLE_IDENTIFIER = "test.LandMark-Tutorial";
				PRODUCT_NAME = "$(TARGET_NAME)";
				SWIFT_EMIT_LOC_STRINGS = YES;
				SWIFT_VERSION = 5.0;
				TARGETED_DEVICE_FAMILY = "1,2";
			};
			name = Release;
		};
/* End XCBuildConfiguration section */

/* Begin XCConfigurationList section */
		58FB79382A92D2B0009C3ED1 /* Build configuration list for PBXProject "LandMark_Tutorial" */ = {
			isa = XCConfigurationList;
			buildConfigurations = (
				58FB79492A92D2B1009C3ED1 /* Debug */,
				58FB794A2A92D2B1009C3ED1 /* Release */,
			);
			defaultConfigurationIsVisible = 0;
			defaultConfigurationName = Release;
		};
		58FB794B2A92D2B1009C3ED1 /* Build configuration list for PBXNativeTarget "LandMark_Tutorial" */ = {
			isa = XCConfigurationList;
			buildConfigurations = (
				58FB794C2A92D2B1009C3ED1 /* Debug */,
				58FB794D2A92D2B1009C3ED1 /* Release */,
			);
			defaultConfigurationIsVisible = 0;
			defaultConfigurationName = Release;
		};
/* End XCConfigurationList section */
	};
	rootObject = 58FB79352A92D2B0009C3ED1 /* Project object */;
}
